schema: '2.0'
stages:
  ml1m-IALS:
    cmd: python envtool.py --run 0.10 run-algo.py --splits data-split/ml1m --no-predict
      -o runs/0.10/ml1m-IALS -M runs/0.10/ml1m-IALS.json IALS
    deps:
    - path: data-split/ml1m
      md5: c738f2f559e657427fb304b1a3a2e007.dir
      size: 333412
      nfiles: 5
    outs:
    - path: runs/0.10/ml1m-IALS
      hash: md5
      md5: 7ee318e945343c07ec1bf32b14406fc9.dir
      size: 6647766
      nfiles: 5
    - path: runs/0.10/ml1m-IALS.json
      hash: md5
      md5: e730290a52e014a7403ee634472d2c50
      size: 178
  ml100k-II:
    cmd: python envtool.py --run 0.10 run-algo.py --splits data-split/ml100k -o runs/0.10/ml100k-II
      -M runs/0.10/ml100k-II.json II
    deps:
    - path: data-split/ml100k
      md5: 42424a2a8d9ae27cdcccb48e6dc2ace2.dir
      size: 53351
      nfiles: 5
    outs:
    - path: runs/0.10/ml100k-II
      hash: md5
      md5: 7a7df0ffde25739d67d3aa18006c9ca8.dir
      size: 1105901
      nfiles: 10
    - path: runs/0.10/ml100k-II.json
      md5: 142d78d81181dd339668f5ba54f8ca1d
      size: 210
  ml1m-II:
    cmd: python envtool.py --run 0.10 run-algo.py --splits data-split/ml1m -o runs/0.10/ml1m-II
      -M runs/0.10/ml1m-II.json II
    deps:
    - path: data-split/ml1m
      md5: c738f2f559e657427fb304b1a3a2e007.dir
      size: 333412
      nfiles: 5
    outs:
    - path: runs/0.10/ml1m-II
      hash: md5
      md5: 7e7ffa1c19546b25a51dc9aee430723b.dir
      size: 7064463
      nfiles: 10
    - path: runs/0.10/ml1m-II.json
      md5: af6f3454a2d91e1560411bfae612eb4e
      size: 204
  ml10m-II:
    cmd: python envtool.py --run 0.10 run-algo.py --splits data-split/ml10m -o runs/0.10/ml10m-II
      -M runs/0.10/ml10m-II.json II
    deps:
    - path: data-split/ml10m
      md5: 758eb106e9d2b2ebbceefe702f058bff.dir
      size: 4010002
      nfiles: 5
    outs:
    - path: runs/0.10/ml10m-II
      hash: md5
      md5: e4a0ba269fddccbabab1f006572e5ddb.dir
      size: 67559256
      nfiles: 10
    - path: runs/0.10/ml10m-II.json
      md5: fc24dc94e1b597171eca5cd1c319d4fa
      size: 207
  ml20m-II:
    cmd: python envtool.py --run 0.10 run-algo.py --splits data-split/ml20m -o runs/0.10/ml20m-II
      -M runs/0.10/ml20m-II.json II
    deps:
    - path: data-split/ml20m
      md5: a48b901f072fa0b345277bf0b5a9f124.dir
      size: 8146133
      nfiles: 5
    outs:
    - path: runs/0.10/ml20m-II
      hash: md5
      md5: 897463e8feab3eeaa76a97abec726714.dir
      size: 138023950
      nfiles: 10
    - path: runs/0.10/ml20m-II.json
      md5: 3f69a6fa32e2e642343a4829766d05c2
      size: 201
  ml100k-UU:
    cmd: python envtool.py --run 0.10 run-algo.py --splits data-split/ml100k -o runs/0.10/ml100k-UU
      -M runs/0.10/ml100k-UU.json UU
    deps:
    - path: data-split/ml100k
      md5: 42424a2a8d9ae27cdcccb48e6dc2ace2.dir
      size: 53351
      nfiles: 5
    outs:
    - path: runs/0.10/ml100k-UU
      hash: md5
      md5: d47561cf7c9084f003475098365dabf3.dir
      size: 1061237
      nfiles: 10
    - path: runs/0.10/ml100k-UU.json
      md5: 5c370965d2eb04fbdcb65e6bddbde84f
      size: 214
  ml1m-UU:
    cmd: python envtool.py --run 0.10 run-algo.py --splits data-split/ml1m -o runs/0.10/ml1m-UU
      -M runs/0.10/ml1m-UU.json UU
    deps:
    - path: data-split/ml1m
      md5: c738f2f559e657427fb304b1a3a2e007.dir
      size: 333412
      nfiles: 5
    outs:
    - path: runs/0.10/ml1m-UU
      hash: md5
      md5: 14629de3f68fdc6bca8200989e565f9b.dir
      size: 7010192
      nfiles: 10
    - path: runs/0.10/ml1m-UU.json
      md5: 5bb0f4f0e4a9720bf9958da2d7bcdfaa
      size: 207
  ml10m-UU:
    cmd: python envtool.py --run 0.10 run-algo.py --splits data-split/ml10m -o runs/0.10/ml10m-UU
      -M runs/0.10/ml10m-UU.json UU
    deps:
    - path: data-split/ml10m
      md5: 758eb106e9d2b2ebbceefe702f058bff.dir
      size: 4010002
      nfiles: 5
    outs:
    - path: runs/0.10/ml10m-UU
      hash: md5
      md5: ce4f7f8766a4fcf65d146769ed3744b8.dir
      size: 68448699
      nfiles: 10
    - path: runs/0.10/ml10m-UU.json
      md5: ecb5445a4eb5409624722f068bdd8bbe
      size: 206
  ml100k-ALS:
    cmd: python envtool.py --run 0.10 run-algo.py --splits data-split/ml100k -o runs/0.10/ml100k-ALS
      -M runs/0.10/ml100k-ALS.json ALS
    deps:
    - path: data-split/ml100k
      md5: 42424a2a8d9ae27cdcccb48e6dc2ace2.dir
      size: 53351
      nfiles: 5
    outs:
    - path: runs/0.10/ml100k-ALS
      hash: md5
      md5: d7c90eab483b4ef5d651c9fb73836e72.dir
      size: 1102640
      nfiles: 10
    - path: runs/0.10/ml100k-ALS.json
      md5: baa7ccfa28e2d901dac4a27fe607e02b
      size: 205
  ml1m-ALS:
    cmd: python envtool.py --run 0.10 run-algo.py --splits data-split/ml1m -o runs/0.10/ml1m-ALS
      -M runs/0.10/ml1m-ALS.json ALS
    deps:
    - path: data-split/ml1m
      md5: c738f2f559e657427fb304b1a3a2e007.dir
      size: 333412
      nfiles: 5
    outs:
    - path: runs/0.10/ml1m-ALS
      hash: md5
      md5: 34c614841e938a3a012eb1b555a02124.dir
      size: 7014181
      nfiles: 10
    - path: runs/0.10/ml1m-ALS.json
      md5: 65d2db6771146f3979e299a5dab2bb7b
      size: 203
  ml10m-ALS:
    cmd: python envtool.py --run 0.10 run-algo.py --splits data-split/ml10m -o runs/0.10/ml10m-ALS
      -M runs/0.10/ml10m-ALS.json ALS
    deps:
    - path: data-split/ml10m
      md5: 758eb106e9d2b2ebbceefe702f058bff.dir
      size: 4010002
      nfiles: 5
    outs:
    - path: runs/0.10/ml10m-ALS
      hash: md5
      md5: 2a5ae253d3a7484cd9dba19261832bd7.dir
      size: 69904927
      nfiles: 10
    - path: runs/0.10/ml10m-ALS.json
      md5: 0e1246ed8bbb0650620cbb8e16b471fe
      size: 206
  ml20m-ALS:
    cmd: python envtool.py --run 0.10 run-algo.py --splits data-split/ml20m -o runs/0.10/ml20m-ALS
      -M runs/0.10/ml20m-ALS.json ALS
    deps:
    - path: data-split/ml20m
      md5: a48b901f072fa0b345277bf0b5a9f124.dir
      size: 8146133
      nfiles: 5
    outs:
    - path: runs/0.10/ml20m-ALS
      hash: md5
      md5: 88fbe9c559018cecec6350ccb2e665d8.dir
      size: 137211444
      nfiles: 10
    - path: runs/0.10/ml20m-ALS.json
      md5: 59c824af10545254a6067f3f1098cd2c
      size: 207
  ml100k-IALS:
    cmd: python envtool.py --run 0.10 run-algo.py --splits data-split/ml100k --no-predict
      -o runs/0.10/ml100k-IALS -M runs/0.10/ml100k-IALS.json IALS
    deps:
    - path: data-split/ml100k
      md5: 42424a2a8d9ae27cdcccb48e6dc2ace2.dir
      size: 53351
      nfiles: 5
    outs:
    - path: runs/0.10/ml100k-IALS
      hash: md5
      md5: 53e255466a62838106247c4a9450a23f.dir
      size: 1032994
      nfiles: 5
    - path: runs/0.10/ml100k-IALS.json
      hash: md5
      md5: c6fc237fc20f8a69bee45fe5a4e0b8a6
      size: 176
  ml10m-IALS:
    cmd: python envtool.py --run 0.10 run-algo.py --splits data-split/ml10m --no-predict
      -o runs/0.10/ml10m-IALS -M runs/0.10/ml10m-IALS.json IALS
    deps:
    - path: data-split/ml10m
      md5: 758eb106e9d2b2ebbceefe702f058bff.dir
      size: 4010002
      nfiles: 5
    outs:
    - path: runs/0.10/ml10m-IALS
      hash: md5
      md5: 5f923f385d6ead9df8946edc311942be.dir
      size: 65639075
      nfiles: 5
    - path: runs/0.10/ml10m-IALS.json
      hash: md5
      md5: e5134dfec1278370052b72f5cbbf8890
      size: 177
  ml20m-IALS:
    cmd: python envtool.py --run 0.10 run-algo.py --splits data-split/ml20m --no-predict
      -o runs/0.10/ml20m-IALS -M runs/0.10/ml20m-IALS.json IALS
    deps:
    - path: data-split/ml20m
      md5: a48b901f072fa0b345277bf0b5a9f124.dir
      size: 8146133
      nfiles: 5
    outs:
    - path: runs/0.10/ml20m-IALS
      hash: md5
      md5: f2b8b0f6defa0018907843a87b0baa3d.dir
      size: 129028382
      nfiles: 5
    - path: runs/0.10/ml20m-IALS.json
      hash: md5
      md5: f30890f1677e302905b84a0a8557ac00
      size: 173
  collect:
    cmd: python collect-metrics.py -o runs/0.10/metrics.csv runs/0.10
    deps:
    - path: collect-metrics.py
      md5: b7476e3b6ba1288e55d898ce3e76123f
      size: 795
    - path: runs/0.10/ml100k-ALS.json
      md5: baa7ccfa28e2d901dac4a27fe607e02b
      size: 205
    - path: runs/0.10/ml100k-IALS.json
      hash: md5
      md5: c6fc237fc20f8a69bee45fe5a4e0b8a6
      size: 176
    - path: runs/0.10/ml100k-II.json
      md5: 142d78d81181dd339668f5ba54f8ca1d
      size: 210
    - path: runs/0.10/ml100k-UU.json
      md5: 5c370965d2eb04fbdcb65e6bddbde84f
      size: 214
    - path: runs/0.10/ml10m-ALS.json
      md5: 0e1246ed8bbb0650620cbb8e16b471fe
      size: 206
    - path: runs/0.10/ml10m-IALS.json
      hash: md5
      md5: e5134dfec1278370052b72f5cbbf8890
      size: 177
    - path: runs/0.10/ml10m-II.json
      md5: fc24dc94e1b597171eca5cd1c319d4fa
      size: 207
    - path: runs/0.10/ml10m-UU.json
      md5: ecb5445a4eb5409624722f068bdd8bbe
      size: 206
    - path: runs/0.10/ml1m-ALS.json
      md5: 65d2db6771146f3979e299a5dab2bb7b
      size: 203
    - path: runs/0.10/ml1m-IALS.json
      hash: md5
      md5: e730290a52e014a7403ee634472d2c50
      size: 178
    - path: runs/0.10/ml1m-II.json
      md5: af6f3454a2d91e1560411bfae612eb4e
      size: 204
    - path: runs/0.10/ml1m-UU.json
      md5: 5bb0f4f0e4a9720bf9958da2d7bcdfaa
      size: 207
    - path: runs/0.10/ml20m-ALS.json
      md5: 59c824af10545254a6067f3f1098cd2c
      size: 207
    - path: runs/0.10/ml20m-IALS.json
      hash: md5
      md5: f30890f1677e302905b84a0a8557ac00
      size: 173
    - path: runs/0.10/ml20m-II.json
      md5: 3f69a6fa32e2e642343a4829766d05c2
      size: 201
    outs:
    - path: runs/0.10/metrics.csv
      hash: md5
      md5: f15dfed6ab9de5ea9c7ab848b828abb0
      size: 2497
