schema: '2.0'
stages:
  ml1m-IALS:
    cmd: python envtool.py --run 0.10 run-algo.py --splits data-split/ml1m --no-predict
      -o runs/0.10/ml1m-IALS -M runs/0.10/ml1m-IALS.json IALS
    deps:
    - path: data-split/ml1m
      md5: c738f2f559e657427fb304b1a3a2e007.dir
      size: 333412
      nfiles: 5
    outs:
    - path: runs/0.10/ml1m-IALS
      hash: md5
      md5: be58ad5da9b87d2c350e1e2f1c774268.dir
      size: 8066034
      nfiles: 5
    - path: runs/0.10/ml1m-IALS.json
      hash: md5
      md5: e730290a52e014a7403ee634472d2c50
      size: 178
  ml100k-II:
    cmd: python envtool.py --run 0.10 run-algo.py --splits data-split/ml100k -o runs/0.10/ml100k-II
      -M runs/0.10/ml100k-II.json II
    deps:
    - path: data-split/ml100k
      md5: 42424a2a8d9ae27cdcccb48e6dc2ace2.dir
      size: 53351
      nfiles: 5
    outs:
    - path: runs/0.10/ml100k-II
      md5: 23859671b293162c79d7e603689b2902.dir
      size: 1283803
      nfiles: 10
    - path: runs/0.10/ml100k-II.json
      md5: 142d78d81181dd339668f5ba54f8ca1d
      size: 210
  ml1m-II:
    cmd: python envtool.py --run 0.10 run-algo.py --splits data-split/ml1m -o runs/0.10/ml1m-II
      -M runs/0.10/ml1m-II.json II
    deps:
    - path: data-split/ml1m
      md5: c738f2f559e657427fb304b1a3a2e007.dir
      size: 333412
      nfiles: 5
    outs:
    - path: runs/0.10/ml1m-II
      md5: 6c6d16ada1f5d7ad11e212a6442e22a8.dir
      size: 8321117
      nfiles: 10
    - path: runs/0.10/ml1m-II.json
      md5: af6f3454a2d91e1560411bfae612eb4e
      size: 204
  ml10m-II:
    cmd: python envtool.py --run 0.10 run-algo.py --splits data-split/ml10m -o runs/0.10/ml10m-II
      -M runs/0.10/ml10m-II.json II
    deps:
    - path: data-split/ml10m
      md5: 758eb106e9d2b2ebbceefe702f058bff.dir
      size: 4010002
      nfiles: 5
    outs:
    - path: runs/0.10/ml10m-II
      md5: f513d99b5e2a6939bfc12b0facf4079d.dir
      size: 99764822
      nfiles: 10
    - path: runs/0.10/ml10m-II.json
      md5: fc24dc94e1b597171eca5cd1c319d4fa
      size: 207
  ml20m-II:
    cmd: python envtool.py --run 0.10 run-algo.py --splits data-split/ml20m -o runs/0.10/ml20m-II
      -M runs/0.10/ml20m-II.json II
    deps:
    - path: data-split/ml20m
      md5: a48b901f072fa0b345277bf0b5a9f124.dir
      size: 8146133
      nfiles: 5
    outs:
    - path: runs/0.10/ml20m-II
      md5: cc330a0ed8d858251b1fe028993bff7b.dir
      size: 196469389
      nfiles: 10
    - path: runs/0.10/ml20m-II.json
      md5: 3f69a6fa32e2e642343a4829766d05c2
      size: 201
  ml100k-UU:
    cmd: python envtool.py --run 0.10 run-algo.py --splits data-split/ml100k -o runs/0.10/ml100k-UU
      -M runs/0.10/ml100k-UU.json UU
    deps:
    - path: data-split/ml100k
      md5: 42424a2a8d9ae27cdcccb48e6dc2ace2.dir
      size: 53351
      nfiles: 5
    outs:
    - path: runs/0.10/ml100k-UU
      md5: a4793178889615e17ff59c1a71d74998.dir
      size: 1236884
      nfiles: 10
    - path: runs/0.10/ml100k-UU.json
      md5: 5c370965d2eb04fbdcb65e6bddbde84f
      size: 214
  ml1m-UU:
    cmd: python envtool.py --run 0.10 run-algo.py --splits data-split/ml1m -o runs/0.10/ml1m-UU
      -M runs/0.10/ml1m-UU.json UU
    deps:
    - path: data-split/ml1m
      md5: c738f2f559e657427fb304b1a3a2e007.dir
      size: 333412
      nfiles: 5
    outs:
    - path: runs/0.10/ml1m-UU
      md5: 403dedd7dfa261a85a9bbc411a997ddb.dir
      size: 8237081
      nfiles: 10
    - path: runs/0.10/ml1m-UU.json
      md5: 5bb0f4f0e4a9720bf9958da2d7bcdfaa
      size: 207
  ml10m-UU:
    cmd: python envtool.py --run 0.10 run-algo.py --splits data-split/ml10m -o runs/0.10/ml10m-UU
      -M runs/0.10/ml10m-UU.json UU
    deps:
    - path: data-split/ml10m
      md5: 758eb106e9d2b2ebbceefe702f058bff.dir
      size: 4010002
      nfiles: 5
    outs:
    - path: runs/0.10/ml10m-UU
      md5: ab27ff1cba641e60da41940784a18b93.dir
      size: 95324995
      nfiles: 10
    - path: runs/0.10/ml10m-UU.json
      md5: ecb5445a4eb5409624722f068bdd8bbe
      size: 206
  ml100k-ALS:
    cmd: python envtool.py --run 0.10 run-algo.py --splits data-split/ml100k -o runs/0.10/ml100k-ALS
      -M runs/0.10/ml100k-ALS.json ALS
    deps:
    - path: data-split/ml100k
      md5: 42424a2a8d9ae27cdcccb48e6dc2ace2.dir
      size: 53351
      nfiles: 5
    outs:
    - path: runs/0.10/ml100k-ALS
      md5: 46401505889c049227ecb0755c53f807.dir
      size: 1282728
      nfiles: 10
    - path: runs/0.10/ml100k-ALS.json
      md5: baa7ccfa28e2d901dac4a27fe607e02b
      size: 205
  ml1m-ALS:
    cmd: python envtool.py --run 0.10 run-algo.py --splits data-split/ml1m -o runs/0.10/ml1m-ALS
      -M runs/0.10/ml1m-ALS.json ALS
    deps:
    - path: data-split/ml1m
      md5: c738f2f559e657427fb304b1a3a2e007.dir
      size: 333412
      nfiles: 5
    outs:
    - path: runs/0.10/ml1m-ALS
      md5: 5dc0a6c098c712f4e6c2e6675e6e17e6.dir
      size: 8260003
      nfiles: 10
    - path: runs/0.10/ml1m-ALS.json
      md5: 65d2db6771146f3979e299a5dab2bb7b
      size: 203
  ml10m-ALS:
    cmd: python envtool.py --run 0.10 run-algo.py --splits data-split/ml10m -o runs/0.10/ml10m-ALS
      -M runs/0.10/ml10m-ALS.json ALS
    deps:
    - path: data-split/ml10m
      md5: 758eb106e9d2b2ebbceefe702f058bff.dir
      size: 4010002
      nfiles: 5
    outs:
    - path: runs/0.10/ml10m-ALS
      md5: 11c3900ec917dcc5b14c756a8c38d8fa.dir
      size: 97295609
      nfiles: 10
    - path: runs/0.10/ml10m-ALS.json
      md5: 0e1246ed8bbb0650620cbb8e16b471fe
      size: 206
  ml20m-ALS:
    cmd: python envtool.py --run 0.10 run-algo.py --splits data-split/ml20m -o runs/0.10/ml20m-ALS
      -M runs/0.10/ml20m-ALS.json ALS
    deps:
    - path: data-split/ml20m
      md5: a48b901f072fa0b345277bf0b5a9f124.dir
      size: 8146133
      nfiles: 5
    outs:
    - path: runs/0.10/ml20m-ALS
      md5: a885284c32d865b9b578fa5a0ebdf727.dir
      size: 197610892
      nfiles: 10
    - path: runs/0.10/ml20m-ALS.json
      md5: 59c824af10545254a6067f3f1098cd2c
      size: 207
  ml100k-IALS:
    cmd: python envtool.py --run 0.10 run-algo.py --splits data-split/ml100k --no-predict
      -o runs/0.10/ml100k-IALS -M runs/0.10/ml100k-IALS.json IALS
    deps:
    - path: data-split/ml100k
      md5: 42424a2a8d9ae27cdcccb48e6dc2ace2.dir
      size: 53351
      nfiles: 5
    outs:
    - path: runs/0.10/ml100k-IALS
      hash: md5
      md5: bcd29de83a80283fa0866302a99a041c.dir
      size: 1236190
      nfiles: 5
    - path: runs/0.10/ml100k-IALS.json
      hash: md5
      md5: c6fc237fc20f8a69bee45fe5a4e0b8a6
      size: 176
  ml10m-IALS:
    cmd: python envtool.py --run 0.10 run-algo.py --splits data-split/ml10m --no-predict
      -o runs/0.10/ml10m-IALS -M runs/0.10/ml10m-IALS.json IALS
    deps:
    - path: data-split/ml10m
      md5: 758eb106e9d2b2ebbceefe702f058bff.dir
      size: 4010002
      nfiles: 5
    outs:
    - path: runs/0.10/ml10m-IALS
      hash: md5
      md5: 3a27e4d9c6b7e3096594f2bd6437b3ba.dir
      size: 94473379
      nfiles: 5
    - path: runs/0.10/ml10m-IALS.json
      hash: md5
      md5: e5134dfec1278370052b72f5cbbf8890
      size: 177
  ml20m-IALS:
    cmd: python envtool.py --run 0.10 run-algo.py --splits data-split/ml20m --no-predict
      -o runs/0.10/ml20m-IALS -M runs/0.10/ml20m-IALS.json IALS
    deps:
    - path: data-split/ml20m
      md5: a48b901f072fa0b345277bf0b5a9f124.dir
      size: 8146133
      nfiles: 5
    outs:
    - path: runs/0.10/ml20m-IALS
      hash: md5
      md5: 54ce74f5f4f24aa3c4581c5f69713af5.dir
      size: 188894186
      nfiles: 5
    - path: runs/0.10/ml20m-IALS.json
      hash: md5
      md5: f30890f1677e302905b84a0a8557ac00
      size: 173
  collect:
    cmd: python collect-metrics.py -o runs/0.10/metrics.csv runs/0.10
    deps:
    - path: collect-metrics.py
      md5: b7476e3b6ba1288e55d898ce3e76123f
      size: 795
    - path: runs/0.10/ml100k-ALS.json
      md5: baa7ccfa28e2d901dac4a27fe607e02b
      size: 205
    - path: runs/0.10/ml100k-IALS.json
      hash: md5
      md5: c6fc237fc20f8a69bee45fe5a4e0b8a6
      size: 176
    - path: runs/0.10/ml100k-II.json
      md5: 142d78d81181dd339668f5ba54f8ca1d
      size: 210
    - path: runs/0.10/ml100k-UU.json
      md5: 5c370965d2eb04fbdcb65e6bddbde84f
      size: 214
    - path: runs/0.10/ml10m-ALS.json
      md5: 0e1246ed8bbb0650620cbb8e16b471fe
      size: 206
    - path: runs/0.10/ml10m-IALS.json
      hash: md5
      md5: e5134dfec1278370052b72f5cbbf8890
      size: 177
    - path: runs/0.10/ml10m-II.json
      md5: fc24dc94e1b597171eca5cd1c319d4fa
      size: 207
    - path: runs/0.10/ml10m-UU.json
      md5: ecb5445a4eb5409624722f068bdd8bbe
      size: 206
    - path: runs/0.10/ml1m-ALS.json
      md5: 65d2db6771146f3979e299a5dab2bb7b
      size: 203
    - path: runs/0.10/ml1m-IALS.json
      hash: md5
      md5: e730290a52e014a7403ee634472d2c50
      size: 178
    - path: runs/0.10/ml1m-II.json
      md5: af6f3454a2d91e1560411bfae612eb4e
      size: 204
    - path: runs/0.10/ml1m-UU.json
      md5: 5bb0f4f0e4a9720bf9958da2d7bcdfaa
      size: 207
    - path: runs/0.10/ml20m-ALS.json
      md5: 59c824af10545254a6067f3f1098cd2c
      size: 207
    - path: runs/0.10/ml20m-IALS.json
      hash: md5
      md5: f30890f1677e302905b84a0a8557ac00
      size: 173
    - path: runs/0.10/ml20m-II.json
      md5: 3f69a6fa32e2e642343a4829766d05c2
      size: 201
    outs:
    - path: runs/0.10/metrics.csv
      hash: md5
      md5: f15dfed6ab9de5ea9c7ab848b828abb0
      size: 2497
