schema: '2.0'
stages:
  ml100k-IALS:
    cmd: python envtool.py --run 0.14 run-algo.py --splits data-split/ml100k --no-predict
      -o runs/0.14/ml100k-IALS -M runs/0.14/ml100k-IALS.json IALS
    deps:
    - path: data-split/ml100k
      md5: 42424a2a8d9ae27cdcccb48e6dc2ace2.dir
      size: 53351
      nfiles: 5
    outs:
    - path: runs/0.14/ml100k-IALS
      hash: md5
      md5: 4b5f7391a33b0d73f117c8018d9203a1.dir
      size: 1244152
      nfiles: 5
    - path: runs/0.14/ml100k-IALS.json
      hash: md5
      md5: 8a32cff62e10082d9cc49a33b5fcebbf
      size: 175
  ml100k-II:
    cmd: python envtool.py --run 0.14 run-algo.py --splits data-split/ml100k -o runs/0.14/ml100k-II
      -M runs/0.14/ml100k-II.json II
    deps:
    - path: data-split/ml100k
      md5: 42424a2a8d9ae27cdcccb48e6dc2ace2.dir
      size: 53351
      nfiles: 5
    outs:
    - path: runs/0.14/ml100k-II
      md5: 5c3b35f530d7caf58e24be205156a26d.dir
      size: 1283896
      nfiles: 10
    - path: runs/0.14/ml100k-II.json
      md5: e8d19d8a59b21ce9d5905e6da4f3da75
      size: 208
  ml1m-II:
    cmd: python envtool.py --run 0.14 run-algo.py --splits data-split/ml1m -o runs/0.14/ml1m-II
      -M runs/0.14/ml1m-II.json II
    deps:
    - path: data-split/ml1m
      md5: c738f2f559e657427fb304b1a3a2e007.dir
      size: 333412
      nfiles: 5
    outs:
    - path: runs/0.14/ml1m-II
      md5: 58d59e22cbe3ffa80bf5fa99ed6211eb.dir
      size: 8321624
      nfiles: 10
    - path: runs/0.14/ml1m-II.json
      md5: 6f60c6ea29421872df67f7dcfca87579
      size: 207
  ml10m-II:
    cmd: python envtool.py --run 0.14 run-algo.py --splits data-split/ml10m -o runs/0.14/ml10m-II
      -M runs/0.14/ml10m-II.json II
    deps:
    - path: data-split/ml10m
      md5: 758eb106e9d2b2ebbceefe702f058bff.dir
      size: 4010002
      nfiles: 5
    outs:
    - path: runs/0.14/ml10m-II
      md5: d7672fff21d1eef5c1f2329f6541d980.dir
      size: 99765461
      nfiles: 10
    - path: runs/0.14/ml10m-II.json
      md5: ed44d564d5a49d17ec951666054e4cbd
      size: 204
  ml20m-II:
    cmd: python envtool.py --run 0.14 run-algo.py --splits data-split/ml20m -o runs/0.14/ml20m-II
      -M runs/0.14/ml20m-II.json II
    deps:
    - path: data-split/ml20m
      md5: a48b901f072fa0b345277bf0b5a9f124.dir
      size: 8146133
      nfiles: 5
    outs:
    - path: runs/0.14/ml20m-II
      md5: 37d21a3758bf59f11bc384d8b568015e.dir
      size: 196469836
      nfiles: 10
    - path: runs/0.14/ml20m-II.json
      md5: 7f5d42a0a4567c18366eaa4d34f21507
      size: 209
  ml100k-UU:
    cmd: python envtool.py --run 0.14 run-algo.py --splits data-split/ml100k -o runs/0.14/ml100k-UU
      -M runs/0.14/ml100k-UU.json UU
    deps:
    - path: data-split/ml100k
      md5: 42424a2a8d9ae27cdcccb48e6dc2ace2.dir
      size: 53351
      nfiles: 5
    outs:
    - path: runs/0.14/ml100k-UU
      md5: 163922df4338f51e11ca78a8161ac72e.dir
      size: 1236937
      nfiles: 10
    - path: runs/0.14/ml100k-UU.json
      md5: 12f8204f425cb16decbe71d80e0f126e
      size: 214
  ml1m-UU:
    cmd: python envtool.py --run 0.14 run-algo.py --splits data-split/ml1m -o runs/0.14/ml1m-UU
      -M runs/0.14/ml1m-UU.json UU
    deps:
    - path: data-split/ml1m
      md5: c738f2f559e657427fb304b1a3a2e007.dir
      size: 333412
      nfiles: 5
    outs:
    - path: runs/0.14/ml1m-UU
      md5: 670ddb61aa1325a2bed0dfc9a5918822.dir
      size: 8237479
      nfiles: 10
    - path: runs/0.14/ml1m-UU.json
      md5: e8c0d6bd64e83cd82736964ab267a8de
      size: 211
  ml10m-UU:
    cmd: python envtool.py --run 0.14 run-algo.py --splits data-split/ml10m -o runs/0.14/ml10m-UU
      -M runs/0.14/ml10m-UU.json UU
    deps:
    - path: data-split/ml10m
      md5: 758eb106e9d2b2ebbceefe702f058bff.dir
      size: 4010002
      nfiles: 5
    outs:
    - path: runs/0.14/ml10m-UU
      md5: f108af72b1967b7ae5bdca8e2da6434e.dir
      size: 95329036
      nfiles: 10
    - path: runs/0.14/ml10m-UU.json
      md5: 028d60e097659c9cf6ea77eaf4a4bd11
      size: 200
  ml100k-ALS:
    cmd: python envtool.py --run 0.14 run-algo.py --splits data-split/ml100k -o runs/0.14/ml100k-ALS
      -M runs/0.14/ml100k-ALS.json ALS
    deps:
    - path: data-split/ml100k
      md5: 42424a2a8d9ae27cdcccb48e6dc2ace2.dir
      size: 53351
      nfiles: 5
    outs:
    - path: runs/0.14/ml100k-ALS
      md5: 0ef749424dc0361d91936fb894a84cd5.dir
      size: 1282789
      nfiles: 10
    - path: runs/0.14/ml100k-ALS.json
      md5: 6febea096bbb57e1d5131c812627b2d6
      size: 212
  ml1m-ALS:
    cmd: python envtool.py --run 0.14 run-algo.py --splits data-split/ml1m -o runs/0.14/ml1m-ALS
      -M runs/0.14/ml1m-ALS.json ALS
    deps:
    - path: data-split/ml1m
      md5: c738f2f559e657427fb304b1a3a2e007.dir
      size: 333412
      nfiles: 5
    outs:
    - path: runs/0.14/ml1m-ALS
      md5: b06e567b74f02c1eb3c69ea094e27a12.dir
      size: 8260632
      nfiles: 10
    - path: runs/0.14/ml1m-ALS.json
      md5: ef751b3eea0bd7410522d85f519556fc
      size: 204
  ml10m-ALS:
    cmd: python envtool.py --run 0.14 run-algo.py --splits data-split/ml10m -o runs/0.14/ml10m-ALS
      -M runs/0.14/ml10m-ALS.json ALS
    deps:
    - path: data-split/ml10m
      md5: 758eb106e9d2b2ebbceefe702f058bff.dir
      size: 4010002
      nfiles: 5
    outs:
    - path: runs/0.14/ml10m-ALS
      md5: 69d32d0db40fabe5b565915848d4e5ba.dir
      size: 97299969
      nfiles: 10
    - path: runs/0.14/ml10m-ALS.json
      md5: 269f90cd026ce358b371086c55dba5a4
      size: 205
  ml20m-ALS:
    cmd: python envtool.py --run 0.14 run-algo.py --splits data-split/ml20m -o runs/0.14/ml20m-ALS
      -M runs/0.14/ml20m-ALS.json ALS
    deps:
    - path: data-split/ml20m
      md5: a48b901f072fa0b345277bf0b5a9f124.dir
      size: 8146133
      nfiles: 5
    outs:
    - path: runs/0.14/ml20m-ALS
      md5: 94a0d98ad91b25fd5c6b72100ae1b75e.dir
      size: 197612681
      nfiles: 10
    - path: runs/0.14/ml20m-ALS.json
      md5: fec5ba1c133e01e000f0f10ebee05277
      size: 203
  ml1m-IALS:
    cmd: python envtool.py --run 0.14 run-algo.py --splits data-split/ml1m --no-predict
      -o runs/0.14/ml1m-IALS -M runs/0.14/ml1m-IALS.json IALS
    deps:
    - path: data-split/ml1m
      md5: c738f2f559e657427fb304b1a3a2e007.dir
      size: 333412
      nfiles: 5
    outs:
    - path: runs/0.14/ml1m-IALS
      hash: md5
      md5: 731e348cb76b06debb8ac6a86fa46194.dir
      size: 8124439
      nfiles: 5
    - path: runs/0.14/ml1m-IALS.json
      hash: md5
      md5: 4764586c24f68413de26801515aa9c7a
      size: 175
  ml10m-IALS:
    cmd: python envtool.py --run 0.14 run-algo.py --splits data-split/ml10m --no-predict
      -o runs/0.14/ml10m-IALS -M runs/0.14/ml10m-IALS.json IALS
    deps:
    - path: data-split/ml10m
      md5: 758eb106e9d2b2ebbceefe702f058bff.dir
      size: 4010002
      nfiles: 5
    outs:
    - path: runs/0.14/ml10m-IALS
      hash: md5
      md5: c3cb20be876baad4539de993cb86c7a0.dir
      size: 95016712
      nfiles: 5
    - path: runs/0.14/ml10m-IALS.json
      hash: md5
      md5: 7d2030722fb761953a8c87890df58771
      size: 175
  ml20m-IALS:
    cmd: python envtool.py --run 0.14 run-algo.py --splits data-split/ml20m --no-predict
      -o runs/0.14/ml20m-IALS -M runs/0.14/ml20m-IALS.json IALS
    deps:
    - path: data-split/ml20m
      md5: a48b901f072fa0b345277bf0b5a9f124.dir
      size: 8146133
      nfiles: 5
    outs:
    - path: runs/0.14/ml20m-IALS
      hash: md5
      md5: 51e7cb977bbc136f0b8c29cb3468d63a.dir
      size: 189761298
      nfiles: 5
    - path: runs/0.14/ml20m-IALS.json
      hash: md5
      md5: 70ee4469f2458198b80c941bd3c2d497
      size: 168
  collect:
    cmd: python collect-metrics.py -o runs/0.14/metrics.csv runs/0.14
    deps:
    - path: collect-metrics.py
      md5: b7476e3b6ba1288e55d898ce3e76123f
      size: 795
    - path: runs/0.14/ml100k-ALS.json
      md5: 6febea096bbb57e1d5131c812627b2d6
      size: 212
    - path: runs/0.14/ml100k-IALS.json
      hash: md5
      md5: 8a32cff62e10082d9cc49a33b5fcebbf
      size: 175
    - path: runs/0.14/ml100k-II.json
      md5: e8d19d8a59b21ce9d5905e6da4f3da75
      size: 208
    - path: runs/0.14/ml100k-UU.json
      md5: 12f8204f425cb16decbe71d80e0f126e
      size: 214
    - path: runs/0.14/ml100k-impBPR.json
      hash: md5
      md5: 92c6a395287ea7ffceeb025994afac3e
      size: 179
    - path: runs/0.14/ml10m-ALS.json
      md5: 269f90cd026ce358b371086c55dba5a4
      size: 205
    - path: runs/0.14/ml10m-IALS.json
      hash: md5
      md5: 7d2030722fb761953a8c87890df58771
      size: 175
    - path: runs/0.14/ml10m-II.json
      md5: ed44d564d5a49d17ec951666054e4cbd
      size: 204
    - path: runs/0.14/ml10m-UU.json
      md5: 028d60e097659c9cf6ea77eaf4a4bd11
      size: 200
    - path: runs/0.14/ml10m-impBPR.json
      hash: md5
      md5: 4a0a06eb60122cb442f024c277efb3f6
      size: 176
    - path: runs/0.14/ml1m-ALS.json
      md5: ef751b3eea0bd7410522d85f519556fc
      size: 204
    - path: runs/0.14/ml1m-IALS.json
      hash: md5
      md5: 4764586c24f68413de26801515aa9c7a
      size: 175
    - path: runs/0.14/ml1m-II.json
      md5: 6f60c6ea29421872df67f7dcfca87579
      size: 207
    - path: runs/0.14/ml1m-UU.json
      md5: e8c0d6bd64e83cd82736964ab267a8de
      size: 211
    - path: runs/0.14/ml1m-impBPR.json
      hash: md5
      md5: 72686a64263c8563521a3803c7ba343b
      size: 179
    - path: runs/0.14/ml20m-ALS.json
      md5: fec5ba1c133e01e000f0f10ebee05277
      size: 203
    - path: runs/0.14/ml20m-IALS.json
      hash: md5
      md5: 70ee4469f2458198b80c941bd3c2d497
      size: 168
    - path: runs/0.14/ml20m-II.json
      md5: 7f5d42a0a4567c18366eaa4d34f21507
      size: 209
    - path: runs/0.14/ml20m-impBPR.json
      hash: md5
      md5: 2fb361a897abdd44ad292fbaf270f489
      size: 176
    outs:
    - path: runs/0.14/metrics.csv
      hash: md5
      md5: af49a917ac312fd59ebb8296806e031b
      size: 3111
  ml100k-impBPR:
    cmd: python envtool.py --run 0.14 run-algo.py --splits data-split/ml100k --no-predict
      -o runs/0.14/ml100k-impBPR -M runs/0.14/ml100k-impBPR.json impBPR
    deps:
    - path: data-split/ml100k
      hash: md5
      md5: 42424a2a8d9ae27cdcccb48e6dc2ace2.dir
      size: 53351
      nfiles: 5
    outs:
    - path: runs/0.14/ml100k-impBPR
      hash: md5
      md5: cf294aca590958ada4c70ae3f0ab338f.dir
      size: 829341
      nfiles: 5
    - path: runs/0.14/ml100k-impBPR.json
      hash: md5
      md5: 92c6a395287ea7ffceeb025994afac3e
      size: 179
  ml1m-impBPR:
    cmd: python envtool.py --run 0.14 run-algo.py --splits data-split/ml1m --no-predict
      -o runs/0.14/ml1m-impBPR -M runs/0.14/ml1m-impBPR.json impBPR
    deps:
    - path: data-split/ml1m
      hash: md5
      md5: c738f2f559e657427fb304b1a3a2e007.dir
      size: 333412
      nfiles: 5
    outs:
    - path: runs/0.14/ml1m-impBPR
      hash: md5
      md5: 69a96f858ada43d6812ba753848df62e.dir
      size: 5506890
      nfiles: 5
    - path: runs/0.14/ml1m-impBPR.json
      hash: md5
      md5: 72686a64263c8563521a3803c7ba343b
      size: 179
  ml10m-impBPR:
    cmd: python envtool.py --run 0.14 run-algo.py --splits data-split/ml10m --no-predict
      -o runs/0.14/ml10m-impBPR -M runs/0.14/ml10m-impBPR.json impBPR
    deps:
    - path: data-split/ml10m
      hash: md5
      md5: 758eb106e9d2b2ebbceefe702f058bff.dir
      size: 4010002
      nfiles: 5
    outs:
    - path: runs/0.14/ml10m-impBPR
      hash: md5
      md5: b31e2157d2770ceb016624a1c6fcac5a.dir
      size: 64766368
      nfiles: 5
    - path: runs/0.14/ml10m-impBPR.json
      hash: md5
      md5: 4a0a06eb60122cb442f024c277efb3f6
      size: 176
  ml20m-impBPR:
    cmd: python envtool.py --run 0.14 run-algo.py --splits data-split/ml20m --no-predict
      -o runs/0.14/ml20m-impBPR -M runs/0.14/ml20m-impBPR.json impBPR
    deps:
    - path: data-split/ml20m
      hash: md5
      md5: a48b901f072fa0b345277bf0b5a9f124.dir
      size: 8146133
      nfiles: 5
    outs:
    - path: runs/0.14/ml20m-impBPR
      hash: md5
      md5: 896f47c0e975f2b064633729264fb70b.dir
      size: 130417856
      nfiles: 5
    - path: runs/0.14/ml20m-impBPR.json
      hash: md5
      md5: 2fb361a897abdd44ad292fbaf270f489
      size: 176
