schema: '2.0'
stages:
  ml100k-IALS:
    cmd: ./env-python.sh 0.14 run-algo.py --splits data-split/ml100k --no-predict
      -o runs/0.14/ml100k-IALS -M runs/0.14/ml100k-IALS.json IALS
    deps:
    - path: data-split/ml100k
      md5: 42424a2a8d9ae27cdcccb48e6dc2ace2.dir
      size: 53351
      nfiles: 5
    outs:
    - path: runs/0.14/ml100k-IALS
      hash: md5
      md5: a74629a64730235e330591196805ae41.dir
      size: 1036681
      nfiles: 5
    - path: runs/0.14/ml100k-IALS.json
      hash: md5
      md5: 8a32cff62e10082d9cc49a33b5fcebbf
      size: 175
  ml100k-II:
    cmd: ./env-python.sh 0.14 run-algo.py --splits data-split/ml100k -o runs/0.14/ml100k-II
      -M runs/0.14/ml100k-II.json II
    deps:
    - path: data-split/ml100k
      md5: 42424a2a8d9ae27cdcccb48e6dc2ace2.dir
      size: 53351
      nfiles: 5
    outs:
    - path: runs/0.14/ml100k-II
      hash: md5
      md5: d4a278e92487dfc007cecf92b5302579.dir
      size: 1105887
      nfiles: 10
    - path: runs/0.14/ml100k-II.json
      md5: e8d19d8a59b21ce9d5905e6da4f3da75
      size: 208
  ml1m-II:
    cmd: ./env-python.sh 0.14 run-algo.py --splits data-split/ml1m -o runs/0.14/ml1m-II
      -M runs/0.14/ml1m-II.json II
    deps:
    - path: data-split/ml1m
      md5: c738f2f559e657427fb304b1a3a2e007.dir
      size: 333412
      nfiles: 5
    outs:
    - path: runs/0.14/ml1m-II
      hash: md5
      md5: 8cfcc99fa66ad7ffe243a1176e99557e.dir
      size: 7064411
      nfiles: 10
    - path: runs/0.14/ml1m-II.json
      md5: 6f60c6ea29421872df67f7dcfca87579
      size: 207
  ml10m-II:
    cmd: ./env-python.sh 0.14 run-algo.py --splits data-split/ml10m -o runs/0.14/ml10m-II
      -M runs/0.14/ml10m-II.json II
    deps:
    - path: data-split/ml10m
      md5: 758eb106e9d2b2ebbceefe702f058bff.dir
      size: 4010002
      nfiles: 5
    outs:
    - path: runs/0.14/ml10m-II
      hash: md5
      md5: 2e576bddd02a2e57180b5aacb67adaaf.dir
      size: 67563455
      nfiles: 10
    - path: runs/0.14/ml10m-II.json
      md5: ed44d564d5a49d17ec951666054e4cbd
      size: 204
  ml20m-II:
    cmd: ./env-python.sh 0.14 run-algo.py --splits data-split/ml20m -o runs/0.14/ml20m-II
      -M runs/0.14/ml20m-II.json II
    deps:
    - path: data-split/ml20m
      md5: a48b901f072fa0b345277bf0b5a9f124.dir
      size: 8146133
      nfiles: 5
    outs:
    - path: runs/0.14/ml20m-II
      hash: md5
      md5: 6115ee6488cde029d9d89cbde647ad81.dir
      size: 138002104
      nfiles: 10
    - path: runs/0.14/ml20m-II.json
      md5: 7f5d42a0a4567c18366eaa4d34f21507
      size: 209
  ml100k-UU:
    cmd: ./env-python.sh 0.14 run-algo.py --splits data-split/ml100k -o runs/0.14/ml100k-UU
      -M runs/0.14/ml100k-UU.json UU
    deps:
    - path: data-split/ml100k
      md5: 42424a2a8d9ae27cdcccb48e6dc2ace2.dir
      size: 53351
      nfiles: 5
    outs:
    - path: runs/0.14/ml100k-UU
      hash: md5
      md5: 42aabc0427145106af3ae71e5659b624.dir
      size: 1061185
      nfiles: 10
    - path: runs/0.14/ml100k-UU.json
      md5: 12f8204f425cb16decbe71d80e0f126e
      size: 214
  ml1m-UU:
    cmd: ./env-python.sh 0.14 run-algo.py --splits data-split/ml1m -o runs/0.14/ml1m-UU
      -M runs/0.14/ml1m-UU.json UU
    deps:
    - path: data-split/ml1m
      md5: c738f2f559e657427fb304b1a3a2e007.dir
      size: 333412
      nfiles: 5
    outs:
    - path: runs/0.14/ml1m-UU
      hash: md5
      md5: ad10a1905b991e9c831df16cd5e39fa6.dir
      size: 7010049
      nfiles: 10
    - path: runs/0.14/ml1m-UU.json
      md5: e8c0d6bd64e83cd82736964ab267a8de
      size: 211
  ml10m-UU:
    cmd: ./env-python.sh 0.14 run-algo.py --splits data-split/ml10m -o runs/0.14/ml10m-UU
      -M runs/0.14/ml10m-UU.json UU
    deps:
    - path: data-split/ml10m
      md5: 758eb106e9d2b2ebbceefe702f058bff.dir
      size: 4010002
      nfiles: 5
    outs:
    - path: runs/0.14/ml10m-UU
      hash: md5
      md5: 7cbd196176a9da3d88173bc546e64bfa.dir
      size: 68474117
      nfiles: 10
    - path: runs/0.14/ml10m-UU.json
      md5: 028d60e097659c9cf6ea77eaf4a4bd11
      size: 200
  ml100k-ALS:
    cmd: ./env-python.sh 0.14 run-algo.py --splits data-split/ml100k -o runs/0.14/ml100k-ALS
      -M runs/0.14/ml100k-ALS.json ALS
    deps:
    - path: data-split/ml100k
      md5: 42424a2a8d9ae27cdcccb48e6dc2ace2.dir
      size: 53351
      nfiles: 5
    outs:
    - path: runs/0.14/ml100k-ALS
      hash: md5
      md5: 012092ad94158260d81345415193bb51.dir
      size: 1102572
      nfiles: 10
    - path: runs/0.14/ml100k-ALS.json
      md5: 6febea096bbb57e1d5131c812627b2d6
      size: 212
  ml1m-ALS:
    cmd: ./env-python.sh 0.14 run-algo.py --splits data-split/ml1m -o runs/0.14/ml1m-ALS
      -M runs/0.14/ml1m-ALS.json ALS
    deps:
    - path: data-split/ml1m
      md5: c738f2f559e657427fb304b1a3a2e007.dir
      size: 333412
      nfiles: 5
    outs:
    - path: runs/0.14/ml1m-ALS
      hash: md5
      md5: 1bd00b294c8994303775accec590580b.dir
      size: 7013856
      nfiles: 10
    - path: runs/0.14/ml1m-ALS.json
      md5: ef751b3eea0bd7410522d85f519556fc
      size: 204
  ml10m-ALS:
    cmd: ./env-python.sh 0.14 run-algo.py --splits data-split/ml10m -o runs/0.14/ml10m-ALS
      -M runs/0.14/ml10m-ALS.json ALS
    deps:
    - path: data-split/ml10m
      md5: 758eb106e9d2b2ebbceefe702f058bff.dir
      size: 4010002
      nfiles: 5
    outs:
    - path: runs/0.14/ml10m-ALS
      hash: md5
      md5: 79cbe58e9b432396b789b313338f5e14.dir
      size: 69914355
      nfiles: 10
    - path: runs/0.14/ml10m-ALS.json
      md5: 269f90cd026ce358b371086c55dba5a4
      size: 205
  ml20m-ALS:
    cmd: ./env-python.sh 0.14 run-algo.py --splits data-split/ml20m -o runs/0.14/ml20m-ALS
      -M runs/0.14/ml20m-ALS.json ALS
    deps:
    - path: data-split/ml20m
      md5: a48b901f072fa0b345277bf0b5a9f124.dir
      size: 8146133
      nfiles: 5
    outs:
    - path: runs/0.14/ml20m-ALS
      hash: md5
      md5: c544a739ab65f1f3bbe472b9b7dcbf5d.dir
      size: 137211024
      nfiles: 10
    - path: runs/0.14/ml20m-ALS.json
      md5: fec5ba1c133e01e000f0f10ebee05277
      size: 203
  ml1m-IALS:
    cmd: ./env-python.sh 0.14 run-algo.py --splits data-split/ml1m --no-predict -o
      runs/0.14/ml1m-IALS -M runs/0.14/ml1m-IALS.json IALS
    deps:
    - path: data-split/ml1m
      md5: c738f2f559e657427fb304b1a3a2e007.dir
      size: 333412
      nfiles: 5
    outs:
    - path: runs/0.14/ml1m-IALS
      hash: md5
      md5: 3b332ff5f302ff5d4c1d7e8f9489b244.dir
      size: 6679975
      nfiles: 5
    - path: runs/0.14/ml1m-IALS.json
      hash: md5
      md5: 4764586c24f68413de26801515aa9c7a
      size: 175
  ml10m-IALS:
    cmd: ./env-python.sh 0.14 run-algo.py --splits data-split/ml10m --no-predict -o
      runs/0.14/ml10m-IALS -M runs/0.14/ml10m-IALS.json IALS
    deps:
    - path: data-split/ml10m
      md5: 758eb106e9d2b2ebbceefe702f058bff.dir
      size: 4010002
      nfiles: 5
    outs:
    - path: runs/0.14/ml10m-IALS
      hash: md5
      md5: 7196037733af3e85b31702d462970952.dir
      size: 65920406
      nfiles: 5
    - path: runs/0.14/ml10m-IALS.json
      hash: md5
      md5: 7d2030722fb761953a8c87890df58771
      size: 175
  ml20m-IALS:
    cmd: ./env-python.sh 0.14 run-algo.py --splits data-split/ml20m --no-predict -o
      runs/0.14/ml20m-IALS -M runs/0.14/ml20m-IALS.json IALS
    deps:
    - path: data-split/ml20m
      md5: a48b901f072fa0b345277bf0b5a9f124.dir
      size: 8146133
      nfiles: 5
    outs:
    - path: runs/0.14/ml20m-IALS
      hash: md5
      md5: c420d91ec66965ba79428f3ab2678826.dir
      size: 129529984
      nfiles: 5
    - path: runs/0.14/ml20m-IALS.json
      hash: md5
      md5: 70ee4469f2458198b80c941bd3c2d497
      size: 168
  collect:
    cmd: python collect-metrics.py -o runs/0.14/metrics.csv runs/0.14
    deps:
    - path: collect-metrics.py
      hash: md5
      md5: 8ea4e245949361517313accd986c0dd3
      size: 774
    - path: runs/0.14/ml100k-ALS.json
      md5: 6febea096bbb57e1d5131c812627b2d6
      size: 212
    - path: runs/0.14/ml100k-IALS.json
      hash: md5
      md5: 8a32cff62e10082d9cc49a33b5fcebbf
      size: 175
    - path: runs/0.14/ml100k-II.json
      md5: e8d19d8a59b21ce9d5905e6da4f3da75
      size: 208
    - path: runs/0.14/ml100k-UU.json
      md5: 12f8204f425cb16decbe71d80e0f126e
      size: 214
    - path: runs/0.14/ml100k-impBPR.json
      hash: md5
      md5: 92c6a395287ea7ffceeb025994afac3e
      size: 179
    - path: runs/0.14/ml10m-ALS.json
      md5: 269f90cd026ce358b371086c55dba5a4
      size: 205
    - path: runs/0.14/ml10m-IALS.json
      hash: md5
      md5: 7d2030722fb761953a8c87890df58771
      size: 175
    - path: runs/0.14/ml10m-II.json
      md5: ed44d564d5a49d17ec951666054e4cbd
      size: 204
    - path: runs/0.14/ml10m-UU.json
      md5: 028d60e097659c9cf6ea77eaf4a4bd11
      size: 200
    - path: runs/0.14/ml10m-impBPR.json
      hash: md5
      md5: 4a0a06eb60122cb442f024c277efb3f6
      size: 176
    - path: runs/0.14/ml1m-ALS.json
      md5: ef751b3eea0bd7410522d85f519556fc
      size: 204
    - path: runs/0.14/ml1m-IALS.json
      hash: md5
      md5: 4764586c24f68413de26801515aa9c7a
      size: 175
    - path: runs/0.14/ml1m-II.json
      md5: 6f60c6ea29421872df67f7dcfca87579
      size: 207
    - path: runs/0.14/ml1m-UU.json
      md5: e8c0d6bd64e83cd82736964ab267a8de
      size: 211
    - path: runs/0.14/ml1m-impBPR.json
      hash: md5
      md5: 72686a64263c8563521a3803c7ba343b
      size: 179
    - path: runs/0.14/ml20m-ALS.json
      md5: fec5ba1c133e01e000f0f10ebee05277
      size: 203
    - path: runs/0.14/ml20m-IALS.json
      hash: md5
      md5: 70ee4469f2458198b80c941bd3c2d497
      size: 168
    - path: runs/0.14/ml20m-II.json
      md5: 7f5d42a0a4567c18366eaa4d34f21507
      size: 209
    - path: runs/0.14/ml20m-impBPR.json
      hash: md5
      md5: 2fb361a897abdd44ad292fbaf270f489
      size: 176
    outs:
    - path: runs/0.14/metrics.csv
      hash: md5
      md5: af49a917ac312fd59ebb8296806e031b
      size: 3111
  ml100k-impBPR:
    cmd: ./env-python.sh 0.14 run-algo.py --splits data-split/ml100k --no-predict
      -o runs/0.14/ml100k-impBPR -M runs/0.14/ml100k-impBPR.json impBPR
    deps:
    - path: data-split/ml100k
      hash: md5
      md5: 42424a2a8d9ae27cdcccb48e6dc2ace2.dir
      size: 53351
      nfiles: 5
    outs:
    - path: runs/0.14/ml100k-impBPR
      hash: md5
      md5: 0a844b4e19fe991815940e717438902f.dir
      size: 1054973
      nfiles: 5
    - path: runs/0.14/ml100k-impBPR.json
      hash: md5
      md5: 92c6a395287ea7ffceeb025994afac3e
      size: 179
  ml1m-impBPR:
    cmd: ./env-python.sh 0.14 run-algo.py --splits data-split/ml1m --no-predict -o
      runs/0.14/ml1m-impBPR -M runs/0.14/ml1m-impBPR.json impBPR
    deps:
    - path: data-split/ml1m
      hash: md5
      md5: c738f2f559e657427fb304b1a3a2e007.dir
      size: 333412
      nfiles: 5
    outs:
    - path: runs/0.14/ml1m-impBPR
      hash: md5
      md5: 33647566ed24102b91567735ee75fe7a.dir
      size: 6800761
      nfiles: 5
    - path: runs/0.14/ml1m-impBPR.json
      hash: md5
      md5: 72686a64263c8563521a3803c7ba343b
      size: 179
  ml10m-impBPR:
    cmd: ./env-python.sh 0.14 run-algo.py --splits data-split/ml10m --no-predict -o
      runs/0.14/ml10m-impBPR -M runs/0.14/ml10m-impBPR.json impBPR
    deps:
    - path: data-split/ml10m
      hash: md5
      md5: 758eb106e9d2b2ebbceefe702f058bff.dir
      size: 4010002
      nfiles: 5
    outs:
    - path: runs/0.14/ml10m-impBPR
      hash: md5
      md5: 73f9e5c2d5d56d5dbb1ea5de9e168c4c.dir
      size: 67749812
      nfiles: 5
    - path: runs/0.14/ml10m-impBPR.json
      hash: md5
      md5: 4a0a06eb60122cb442f024c277efb3f6
      size: 176
  ml20m-impBPR:
    cmd: ./env-python.sh 0.14 run-algo.py --splits data-split/ml20m --no-predict -o
      runs/0.14/ml20m-impBPR -M runs/0.14/ml20m-impBPR.json impBPR
    deps:
    - path: data-split/ml20m
      hash: md5
      md5: a48b901f072fa0b345277bf0b5a9f124.dir
      size: 8146133
      nfiles: 5
    outs:
    - path: runs/0.14/ml20m-impBPR
      hash: md5
      md5: b589da174dad3a87558f37d75ebd4551.dir
      size: 133094333
      nfiles: 5
    - path: runs/0.14/ml20m-impBPR.json
      hash: md5
      md5: 2fb361a897abdd44ad292fbaf270f489
      size: 176
