schema: '2.0'
stages:
  ml100k-UU:
    cmd: pixi run --locked -e lk11 run-algo.py --splits data-split/ml100k -o runs/0.11/ml100k-UU
      -M runs/0.11/ml100k-UU.json UU
    deps:
    - path: data-split/ml100k
      md5: 42424a2a8d9ae27cdcccb48e6dc2ace2.dir
      size: 53351
      nfiles: 5
    outs:
    - path: runs/0.11/ml100k-UU
      hash: md5
      md5: d4e69e5992aac6c376f2e38799c5db34.dir
      size: 1061166
      nfiles: 10
    - path: runs/0.11/ml100k-UU.json
      md5: 949bd52f34e84873eb5f0ced05ba491d
      size: 213
  ml1m-II:
    cmd: pixi run --locked -e lk11 run-algo.py --splits data-split/ml1m -o runs/0.11/ml1m-II
      -M runs/0.11/ml1m-II.json II
    deps:
    - path: data-split/ml1m
      hash: md5
      md5: f7107620aab50c4a42f015d2858334fe.dir
      size: 329146
      nfiles: 5
    outs:
    - path: runs/0.11/ml1m-II
      hash: md5
      md5: 8cfcc99fa66ad7ffe243a1176e99557e.dir
      size: 7064411
      nfiles: 10
    - path: runs/0.11/ml1m-II.json
      md5: c944889b602d06f9013e068620bc6234
      size: 206
  ml10m-IALS:
    cmd: pixi run --locked -e lk11 run-algo.py --splits data-split/ml10m --no-predict
      -o runs/0.11/ml10m-IALS -M runs/0.11/ml10m-IALS.json IALS
    deps:
    - path: data-split/ml10m
      md5: 758eb106e9d2b2ebbceefe702f058bff.dir
      size: 4010002
      nfiles: 5
    outs:
    - path: runs/0.11/ml10m-IALS
      hash: md5
      md5: 78a0c2ce94b4afe25faa04065dc83cae.dir
      size: 65636993
      nfiles: 5
    - path: runs/0.11/ml10m-IALS.json
      hash: md5
      md5: 42228d98330f771d3f50064226bf19ea
      size: 176
  ml100k-ALS:
    cmd: pixi run --locked -e lk11 run-algo.py --splits data-split/ml100k -o runs/0.11/ml100k-ALS
      -M runs/0.11/ml100k-ALS.json ALS
    deps:
    - path: data-split/ml100k
      md5: 42424a2a8d9ae27cdcccb48e6dc2ace2.dir
      size: 53351
      nfiles: 5
    outs:
    - path: runs/0.11/ml100k-ALS
      hash: md5
      md5: 43d84ae1a53908f7eba28ad914137990.dir
      size: 1107175
      nfiles: 10
    - path: runs/0.11/ml100k-ALS.json
      md5: 4bf42ca2c528239af6d6fd2a0312eb21
      size: 207
  ml100k-II:
    cmd: pixi run --locked -e lk11 run-algo.py --splits data-split/ml100k -o runs/0.11/ml100k-II
      -M runs/0.11/ml100k-II.json II
    deps:
    - path: data-split/ml100k
      md5: 42424a2a8d9ae27cdcccb48e6dc2ace2.dir
      size: 53351
      nfiles: 5
    outs:
    - path: runs/0.11/ml100k-II
      hash: md5
      md5: bddecb69a3b8117c5a04b8283bd68407.dir
      size: 1105924
      nfiles: 10
    - path: runs/0.11/ml100k-II.json
      hash: md5
      md5: 524ee05a00c5ab51ef82cd20310e74e0
      size: 213
  ml10m-II:
    cmd: pixi run --locked -e lk11 run-algo.py --splits data-split/ml10m -o runs/0.11/ml10m-II
      -M runs/0.11/ml10m-II.json II
    deps:
    - path: data-split/ml10m
      md5: 758eb106e9d2b2ebbceefe702f058bff.dir
      size: 4010002
      nfiles: 5
    outs:
    - path: runs/0.11/ml10m-II
      hash: md5
      md5: 2e576bddd02a2e57180b5aacb67adaaf.dir
      size: 67563455
      nfiles: 10
    - path: runs/0.11/ml10m-II.json
      md5: 90b89f922f4ac9bf9fb5057919c1470c
      size: 204
  ml20m-II:
    cmd: pixi run --locked -e lk11 run-algo.py --splits data-split/ml20m -o runs/0.11/ml20m-II
      -M runs/0.11/ml20m-II.json II
    deps:
    - path: data-split/ml20m
      md5: a48b901f072fa0b345277bf0b5a9f124.dir
      size: 8146133
      nfiles: 5
    outs:
    - path: runs/0.11/ml20m-II
      hash: md5
      md5: 6115ee6488cde029d9d89cbde647ad81.dir
      size: 138002104
      nfiles: 10
    - path: runs/0.11/ml20m-II.json
      md5: 0d6ec15fd06cb7ced1594c39a7293c3d
      size: 210
  ml1m-UU:
    cmd: pixi run --locked -e lk11 run-algo.py --splits data-split/ml1m -o runs/0.11/ml1m-UU
      -M runs/0.11/ml1m-UU.json UU
    deps:
    - path: data-split/ml1m
      hash: md5
      md5: f7107620aab50c4a42f015d2858334fe.dir
      size: 329146
      nfiles: 5
    outs:
    - path: runs/0.11/ml1m-UU
      hash: md5
      md5: 286278804ed734bd232d64726f2a944c.dir
      size: 7010087
      nfiles: 10
    - path: runs/0.11/ml1m-UU.json
      md5: 09b1e0156edb9bb0d31fde5fc18081a3
      size: 211
  ml10m-UU:
    cmd: pixi run --locked -e lk11 run-algo.py --splits data-split/ml10m -o runs/0.11/ml10m-UU
      -M runs/0.11/ml10m-UU.json UU
    deps:
    - path: data-split/ml10m
      md5: 758eb106e9d2b2ebbceefe702f058bff.dir
      size: 4010002
      nfiles: 5
    outs:
    - path: runs/0.11/ml10m-UU
      hash: md5
      md5: 70a8e238bc239955dad5b28f2b3c239e.dir
      size: 68486952
      nfiles: 10
    - path: runs/0.11/ml10m-UU.json
      md5: 55a1414d18a980ca83f5b8e1530fe58f
      size: 200
  ml1m-ALS:
    cmd: pixi run --locked -e lk11 run-algo.py --splits data-split/ml1m -o runs/0.11/ml1m-ALS
      -M runs/0.11/ml1m-ALS.json ALS
    deps:
    - path: data-split/ml1m
      hash: md5
      md5: f7107620aab50c4a42f015d2858334fe.dir
      size: 329146
      nfiles: 5
    outs:
    - path: runs/0.11/ml1m-ALS
      hash: md5
      md5: 55a4a6bfa9b215558557fe452444d193.dir
      size: 7048989
      nfiles: 10
    - path: runs/0.11/ml1m-ALS.json
      md5: a280a3859122fe6507fa5faebc16aab0
      size: 203
  ml10m-ALS:
    cmd: pixi run --locked -e lk11 run-algo.py --splits data-split/ml10m -o runs/0.11/ml10m-ALS
      -M runs/0.11/ml10m-ALS.json ALS
    deps:
    - path: data-split/ml10m
      md5: 758eb106e9d2b2ebbceefe702f058bff.dir
      size: 4010002
      nfiles: 5
    outs:
    - path: runs/0.11/ml10m-ALS
      hash: md5
      md5: 4a1bad3b006d0baf486a87fe4d656f47.dir
      size: 70143606
      nfiles: 10
    - path: runs/0.11/ml10m-ALS.json
      md5: c8b039e0558ef5514bb32e6093c41cd3
      size: 205
  ml20m-ALS:
    cmd: pixi run --locked -e lk11 run-algo.py --splits data-split/ml20m -o runs/0.11/ml20m-ALS
      -M runs/0.11/ml20m-ALS.json ALS
    deps:
    - path: data-split/ml20m
      md5: a48b901f072fa0b345277bf0b5a9f124.dir
      size: 8146133
      nfiles: 5
    outs:
    - path: runs/0.11/ml20m-ALS
      hash: md5
      md5: 778e34b2dc62c94ae66a9d1403301caa.dir
      size: 138130533
      nfiles: 10
    - path: runs/0.11/ml20m-ALS.json
      md5: 5af2740b31926f47104b9a5161ff7c3f
      size: 204
  ml100k-IALS:
    cmd: pixi run --locked -e lk11 run-algo.py --splits data-split/ml100k --no-predict
      -o runs/0.11/ml100k-IALS -M runs/0.11/ml100k-IALS.json IALS
    deps:
    - path: data-split/ml100k
      md5: 42424a2a8d9ae27cdcccb48e6dc2ace2.dir
      size: 53351
      nfiles: 5
    outs:
    - path: runs/0.11/ml100k-IALS
      hash: md5
      md5: 970c6e58754402da7c8e62d2c8bb5036.dir
      size: 1033170
      nfiles: 5
    - path: runs/0.11/ml100k-IALS.json
      hash: md5
      md5: 6713e1b0bd735c00364d37afe1996f16
      size: 178
  ml1m-IALS:
    cmd: pixi run --locked -e lk11 run-algo.py --splits data-split/ml1m --no-predict
      -o runs/0.11/ml1m-IALS -M runs/0.11/ml1m-IALS.json IALS
    deps:
    - path: data-split/ml1m
      hash: md5
      md5: f7107620aab50c4a42f015d2858334fe.dir
      size: 329146
      nfiles: 5
    outs:
    - path: runs/0.11/ml1m-IALS
      hash: md5
      md5: a8d86c898815ca11a1fa09bd39fcc01f.dir
      size: 6648228
      nfiles: 5
    - path: runs/0.11/ml1m-IALS.json
      hash: md5
      md5: 98cc47eae9da3368f9bd22c15f11d569
      size: 176
  ml20m-IALS:
    cmd: pixi run --locked -e lk11 run-algo.py --splits data-split/ml20m --no-predict
      -o runs/0.11/ml20m-IALS -M runs/0.11/ml20m-IALS.json IALS
    deps:
    - path: data-split/ml20m
      md5: a48b901f072fa0b345277bf0b5a9f124.dir
      size: 8146133
      nfiles: 5
    outs:
    - path: runs/0.11/ml20m-IALS
      hash: md5
      md5: 8a39e0a7b9bf68c9885d26ae54d1831c.dir
      size: 129010177
      nfiles: 5
    - path: runs/0.11/ml20m-IALS.json
      hash: md5
      md5: b7485618d0bd6a72ba0e27326f6ee3e8
      size: 172
  collect:
    cmd: python collect-metrics.py -o runs/0.11/metrics.csv runs/0.11
    deps:
    - path: collect-metrics.py
      hash: md5
      md5: c1de4b8045e4602a67c2cc63af62f3e3
      size: 795
      isexec: true
    - path: runs/0.11/ml100k-ALS.json
      md5: 4bf42ca2c528239af6d6fd2a0312eb21
      size: 207
    - path: runs/0.11/ml100k-IALS.json
      hash: md5
      md5: 6713e1b0bd735c00364d37afe1996f16
      size: 178
    - path: runs/0.11/ml100k-II.json
      md5: af1e2ecfa72b649f131fcf91f77791d4
      size: 210
    - path: runs/0.11/ml100k-UU.json
      md5: 949bd52f34e84873eb5f0ced05ba491d
      size: 213
    - path: runs/0.11/ml10m-ALS.json
      md5: c8b039e0558ef5514bb32e6093c41cd3
      size: 205
    - path: runs/0.11/ml10m-IALS.json
      hash: md5
      md5: 42228d98330f771d3f50064226bf19ea
      size: 176
    - path: runs/0.11/ml10m-II.json
      md5: 90b89f922f4ac9bf9fb5057919c1470c
      size: 204
    - path: runs/0.11/ml10m-UU.json
      md5: 55a1414d18a980ca83f5b8e1530fe58f
      size: 200
    - path: runs/0.11/ml1m-ALS.json
      md5: a280a3859122fe6507fa5faebc16aab0
      size: 203
    - path: runs/0.11/ml1m-IALS.json
      hash: md5
      md5: 98cc47eae9da3368f9bd22c15f11d569
      size: 176
    - path: runs/0.11/ml1m-II.json
      md5: c944889b602d06f9013e068620bc6234
      size: 206
    - path: runs/0.11/ml1m-UU.json
      md5: 09b1e0156edb9bb0d31fde5fc18081a3
      size: 211
    - path: runs/0.11/ml20m-ALS.json
      md5: 5af2740b31926f47104b9a5161ff7c3f
      size: 204
    - path: runs/0.11/ml20m-IALS.json
      hash: md5
      md5: b7485618d0bd6a72ba0e27326f6ee3e8
      size: 172
    - path: runs/0.11/ml20m-II.json
      md5: 0d6ec15fd06cb7ced1594c39a7293c3d
      size: 210
    outs:
    - path: runs/0.11/metrics.csv
      hash: md5
      md5: ea55df403efa307c234192e326029c31
      size: 2498
