schema: '2.0'
stages:
  measure:
    cmd: jupytext --sync --exec AlgoMetrics.py
    deps:
    - path: AlgoMetrics.py
      hash: md5
      md5: c6bc47e9119deccb7b5f9a560c472fa4
      size: 2934
    - path: runs/0.10/metrics.csv
      hash: md5
      md5: f15dfed6ab9de5ea9c7ab848b828abb0
      size: 2497
    - path: runs/0.11/metrics.csv
      hash: md5
      md5: ea55df403efa307c234192e326029c31
      size: 2498
    - path: runs/0.12/metrics.csv
      hash: md5
      md5: 03bb5f1239b691c12538dfb091e76399
      size: 1981
    - path: runs/0.13/metrics.csv
      hash: md5
      md5: c7752649323d9787e15a514c1f2a12da
      size: 3118
    - path: runs/0.14/metrics.csv
      hash: md5
      md5: af49a917ac312fd59ebb8296806e031b
      size: 3111
    - path: runs/0.9/metrics.csv
      hash: md5
      md5: 6ed7380a3b8cb27520eed6e62adf5aaf
      size: 2490
    - path: runs/main/metrics.csv
      hash: md5
      md5: eda0e269bd3059b8f32aa9d7e07757b1
      size: 2518
    outs:
    - path: AlgoMetrics.ipynb
      hash: md5
      md5: 22b0b28f66df6a837c0a1c3495bbab3c
      size: 361406
  render:
    cmd: jupyter nbconvert --to html AlgoMetrics.ipynb
    deps:
    - path: AlgoMetrics.ipynb
      hash: md5
      md5: 22b0b28f66df6a837c0a1c3495bbab3c
      size: 361406
    outs:
    - path: AlgoMetrics.html
      hash: md5
      md5: 4c3d9396bf081dbc7570c0d6cde4ee6f
      size: 642798
