schema: '2.0'
stages:
  measure:
    cmd: jupytext --sync --exec AlgoMetrics.py
    deps:
    - path: AlgoMetrics.py
      hash: md5
      md5: a8ee0c126db770bbd399634e894d56fa
      size: 2928
    - path: runs/0.10/metrics.csv
      hash: md5
      md5: a33282f61fffd3d383773190bce43387
      size: 2500
    - path: runs/0.11/metrics.csv
      hash: md5
      md5: 2a003cee64e75a46348f930a718a3dc1
      size: 2501
    - path: runs/0.12/metrics.csv
      hash: md5
      md5: 1bbe5162cf8f7591585aabff4fda0b97
      size: 1984
    - path: runs/0.13/metrics.csv
      hash: md5
      md5: 0ef749bbcf98e9eccdee451069bfa5ed
      size: 3116
    - path: runs/0.14/metrics.csv
      hash: md5
      md5: df15e029b5467801055ee63753596caf
      size: 3115
    - path: runs/0.9/metrics.csv
      hash: md5
      md5: e7729d48c7412d092d9f7e54390a98ec
      size: 2499
    - path: runs/main/metrics.csv
      hash: md5
      md5: eda0e269bd3059b8f32aa9d7e07757b1
      size: 2518
    outs:
    - path: AlgoMetrics.ipynb
      hash: md5
      md5: 1e14dc086614fd9a97a2bae60b0efc3c
      size: 361087
  render:
    cmd: jupyter nbconvert --to html AlgoMetrics.ipynb
    deps:
    - path: AlgoMetrics.ipynb
      hash: md5
      md5: 1e14dc086614fd9a97a2bae60b0efc3c
      size: 361087
    outs:
    - path: AlgoMetrics.html
      hash: md5
      md5: f7692e2ecf63dcaaaa097305cbc225e1
      size: 642082
