schema: '2.0'
stages:
  ml10m-IALS:
    cmd: python envtool.py --run 0.9 run-algo.py --splits data-split/ml10m -o runs/0.9/ml10m-IALS
      -M runs/0.9/ml10m-IALS.json IALS
    deps:
    - path: data-split/ml10m
      md5: 758eb106e9d2b2ebbceefe702f058bff.dir
      size: 4010002
      nfiles: 5
    outs:
    - path: runs/0.9/ml10m-IALS
      md5: f42c772d95ca7ea6eb395b66c76205a5.dir
      size: 100627591
      nfiles: 10
    - path: runs/0.9/ml10m-IALS.json
      md5: 97d042996beddbd65ab226776d9032fa
      size: 200
  ml10m-ALS:
    cmd: python envtool.py --run 0.9 run-algo.py --splits data-split/ml10m -o runs/0.9/ml10m-ALS
      -M runs/0.9/ml10m-ALS.json ALS
    deps:
    - path: data-split/ml10m
      md5: 758eb106e9d2b2ebbceefe702f058bff.dir
      size: 4010002
      nfiles: 5
    outs:
    - path: runs/0.9/ml10m-ALS
      md5: 33de0b28bae429b50e66888c2a2f8df8.dir
      size: 97300430
      nfiles: 10
    - path: runs/0.9/ml10m-ALS.json
      md5: 4fe95fa3745591804b7d7bc06029791d
      size: 203
  ml20m-ALS:
    cmd: python envtool.py --run 0.9 run-algo.py --splits data-split/ml20m -o runs/0.9/ml20m-ALS
      -M runs/0.9/ml20m-ALS.json ALS
    deps:
    - path: data-split/ml20m
      md5: a48b901f072fa0b345277bf0b5a9f124.dir
      size: 8146133
      nfiles: 5
    outs:
    - path: runs/0.9/ml20m-ALS
      md5: 523fd02cfe77811e6b75508478273a02.dir
      size: 197616561
      nfiles: 10
    - path: runs/0.9/ml20m-ALS.json
      md5: f7d6d6ef58a81ab09bdea1eca4f2b79f
      size: 207
  ml1m-UU:
    cmd: python envtool.py --run 0.9 run-algo.py --splits data-split/ml1m -o runs/0.9/ml1m-UU
      -M runs/0.9/ml1m-UU.json UU
    deps:
    - path: data-split/ml1m
      md5: c738f2f559e657427fb304b1a3a2e007.dir
      size: 333412
      nfiles: 5
    outs:
    - path: runs/0.9/ml1m-UU
      md5: 48558ae99bb754151f863692a5e1cc76.dir
      size: 8237081
      nfiles: 10
    - path: runs/0.9/ml1m-UU.json
      md5: b56fac05a9cbdebec6f006bcce1af5be
      size: 213
  ml1m-ALS:
    cmd: python envtool.py --run 0.9 run-algo.py --splits data-split/ml1m -o runs/0.9/ml1m-ALS
      -M runs/0.9/ml1m-ALS.json ALS
    deps:
    - path: data-split/ml1m
      md5: c738f2f559e657427fb304b1a3a2e007.dir
      size: 333412
      nfiles: 5
    outs:
    - path: runs/0.9/ml1m-ALS
      md5: 99fc5db04ed105f925e49bca53591209.dir
      size: 8259003
      nfiles: 10
    - path: runs/0.9/ml1m-ALS.json
      md5: 9b06828c5528c697a7746bf9530e1e48
      size: 206
  ml100k-II:
    cmd: python envtool.py --run 0.9 run-algo.py --splits data-split/ml100k -o runs/0.9/ml100k-II
      -M runs/0.9/ml100k-II.json II
    deps:
    - path: data-split/ml100k
      md5: 42424a2a8d9ae27cdcccb48e6dc2ace2.dir
      size: 53351
      nfiles: 5
    outs:
    - path: runs/0.9/ml100k-II
      md5: 4d8893f83affc1d467131fa1d02799fc.dir
      size: 1283856
      nfiles: 10
    - path: runs/0.9/ml100k-II.json
      md5: 0a44c8c3ef0599402f3a3db4a3b8b5bf
      size: 205
  ml20m-IALS:
    cmd: python envtool.py --run 0.9 run-algo.py --splits data-split/ml20m -o runs/0.9/ml20m-IALS
      -M runs/0.9/ml20m-IALS.json IALS
    deps:
    - path: data-split/ml20m
      md5: a48b901f072fa0b345277bf0b5a9f124.dir
      size: 8146133
      nfiles: 5
    outs:
    - path: runs/0.9/ml20m-IALS
      md5: 284bf1475c563466a4a9759e4801ccc0.dir
      size: 201297298
      nfiles: 10
    - path: runs/0.9/ml20m-IALS.json
      md5: 7064bcd5f421cdc9866779f1224d615f
      size: 200
  ml100k-UU:
    cmd: python envtool.py --run 0.9 run-algo.py --splits data-split/ml100k -o runs/0.9/ml100k-UU
      -M runs/0.9/ml100k-UU.json UU
    deps:
    - path: data-split/ml100k
      md5: 42424a2a8d9ae27cdcccb48e6dc2ace2.dir
      size: 53351
      nfiles: 5
    outs:
    - path: runs/0.9/ml100k-UU
      md5: bfb5cf0fe3220f458d6957214f2058c5.dir
      size: 1236884
      nfiles: 10
    - path: runs/0.9/ml100k-UU.json
      md5: ffe5e0208bd90374b70eaa64fc94b2de
      size: 213
  ml20m-II:
    cmd: python envtool.py --run 0.9 run-algo.py --splits data-split/ml20m -o runs/0.9/ml20m-II
      -M runs/0.9/ml20m-II.json II
    deps:
    - path: data-split/ml20m
      md5: a48b901f072fa0b345277bf0b5a9f124.dir
      size: 8146133
      nfiles: 5
    outs:
    - path: runs/0.9/ml20m-II
      md5: 070c517f02e6ef58806f3b81ff58ed1d.dir
      size: 196470440
      nfiles: 10
    - path: runs/0.9/ml20m-II.json
      md5: e1063627efc3513b86accd35bd109ca2
      size: 204
  ml100k-IALS:
    cmd: python envtool.py --run 0.9 run-algo.py --splits data-split/ml100k --no-predict
      -o runs/0.9/ml100k-IALS -M runs/0.9/ml100k-IALS.json IALS
    deps:
    - path: data-split/ml100k
      md5: 42424a2a8d9ae27cdcccb48e6dc2ace2.dir
      size: 53351
      nfiles: 5
    outs:
    - path: runs/0.9/ml100k-IALS
      hash: md5
      md5: 8bee114e3f8a7ee406d1267f6641f260.dir
      size: 1236262
      nfiles: 5
    - path: runs/0.9/ml100k-IALS.json
      hash: md5
      md5: fb81c82a2d87a0bf07f921c86bc81f7b
      size: 179
  ml1m-II:
    cmd: python envtool.py --run 0.9 run-algo.py --splits data-split/ml1m -o runs/0.9/ml1m-II
      -M runs/0.9/ml1m-II.json II
    deps:
    - path: data-split/ml1m
      md5: c738f2f559e657427fb304b1a3a2e007.dir
      size: 333412
      nfiles: 5
    outs:
    - path: runs/0.9/ml1m-II
      md5: 02e99fa5b9708eb6e2a4a94bf13c70cb.dir
      size: 8321458
      nfiles: 10
    - path: runs/0.9/ml1m-II.json
      md5: 2c72c91f7285f3a7433a7f35fb87ab1e
      size: 201
  ml10m-II:
    cmd: python envtool.py --run 0.9 run-algo.py --splits data-split/ml10m -o runs/0.9/ml10m-II
      -M runs/0.9/ml10m-II.json II
    deps:
    - path: data-split/ml10m
      md5: 758eb106e9d2b2ebbceefe702f058bff.dir
      size: 4010002
      nfiles: 5
    outs:
    - path: runs/0.9/ml10m-II
      md5: 0a3361949a8b20a17f6232b70b0574e6.dir
      size: 99765955
      nfiles: 10
    - path: runs/0.9/ml10m-II.json
      md5: 7be5944dbe79497f894fec6c9322d9c0
      size: 204
  ml10m-UU:
    cmd: python envtool.py --run 0.9 run-algo.py --splits data-split/ml10m -o runs/0.9/ml10m-UU
      -M runs/0.9/ml10m-UU.json UU
    deps:
    - path: data-split/ml10m
      md5: 758eb106e9d2b2ebbceefe702f058bff.dir
      size: 4010002
      nfiles: 5
    outs:
    - path: runs/0.9/ml10m-UU
      md5: 96be99fd73984899f99d934b64c1316c.dir
      size: 95324995
      nfiles: 10
    - path: runs/0.9/ml10m-UU.json
      md5: c60ab8b4f151064729ff46326743544d
      size: 202
  ml100k-ALS:
    cmd: python envtool.py --run 0.9 run-algo.py --splits data-split/ml100k -o runs/0.9/ml100k-ALS
      -M runs/0.9/ml100k-ALS.json ALS
    deps:
    - path: data-split/ml100k
      md5: 42424a2a8d9ae27cdcccb48e6dc2ace2.dir
      size: 53351
      nfiles: 5
    outs:
    - path: runs/0.9/ml100k-ALS
      md5: 9265b8a982262a46d4d194c6760fefd8.dir
      size: 1282692
      nfiles: 10
    - path: runs/0.9/ml100k-ALS.json
      md5: 7fcfba5b5e55543a04d9b46731166d3f
      size: 207
  ml1m-IALS:
    cmd: python envtool.py --run 0.9 run-algo.py --splits data-split/ml1m -o runs/0.9/ml1m-IALS
      -M runs/0.9/ml1m-IALS.json IALS
    deps:
    - path: data-split/ml1m
      md5: c738f2f559e657427fb304b1a3a2e007.dir
      size: 333412
      nfiles: 5
    outs:
    - path: runs/0.9/ml1m-IALS
      md5: 0f44613e5fe05f975ba08dedcc19c9e6.dir
      size: 8595757
      nfiles: 10
    - path: runs/0.9/ml1m-IALS.json
      md5: 8defca467137336b9d4798c1208c77ec
      size: 204
  collect:
    cmd: python collect-metrics.py -o runs/0.9/metrics.csv runs/0.9
    deps:
    - path: collect-metrics.py
      md5: b7476e3b6ba1288e55d898ce3e76123f
      size: 836
    - path: runs/0.9/ml100k-ALS.json
      md5: 7fcfba5b5e55543a04d9b46731166d3f
      size: 207
    - path: runs/0.9/ml100k-IALS.json
      md5: 628265c89ecf7fcc5be686231b011922
      size: 208
    - path: runs/0.9/ml100k-II.json
      md5: 0a44c8c3ef0599402f3a3db4a3b8b5bf
      size: 205
    - path: runs/0.9/ml100k-UU.json
      md5: ffe5e0208bd90374b70eaa64fc94b2de
      size: 213
    - path: runs/0.9/ml10m-ALS.json
      md5: 4fe95fa3745591804b7d7bc06029791d
      size: 203
    - path: runs/0.9/ml10m-IALS.json
      md5: 97d042996beddbd65ab226776d9032fa
      size: 200
    - path: runs/0.9/ml10m-II.json
      md5: 7be5944dbe79497f894fec6c9322d9c0
      size: 204
    - path: runs/0.9/ml10m-UU.json
      md5: c60ab8b4f151064729ff46326743544d
      size: 202
    - path: runs/0.9/ml1m-ALS.json
      md5: 9b06828c5528c697a7746bf9530e1e48
      size: 206
    - path: runs/0.9/ml1m-IALS.json
      md5: 8defca467137336b9d4798c1208c77ec
      size: 204
    - path: runs/0.9/ml1m-II.json
      md5: 2c72c91f7285f3a7433a7f35fb87ab1e
      size: 201
    - path: runs/0.9/ml1m-UU.json
      md5: b56fac05a9cbdebec6f006bcce1af5be
      size: 213
    - path: runs/0.9/ml20m-ALS.json
      md5: f7d6d6ef58a81ab09bdea1eca4f2b79f
      size: 207
    - path: runs/0.9/ml20m-IALS.json
      md5: 7064bcd5f421cdc9866779f1224d615f
      size: 200
    - path: runs/0.9/ml20m-II.json
      md5: e1063627efc3513b86accd35bd109ca2
      size: 204
    outs:
    - path: runs/0.9/metrics.csv
      md5: 6918e26d29093528007de6f3728375c1
      size: 2572
