schema: '2.0'
stages:
  als@ml10m:
    cmd: python run-algo.py --splits data-split/ml10m -o runs/ml10m-ALS -M runs/ml10m-ALS.json
      ALS
    deps:
    - path: data-split/ml10m
      md5: c34b2d5f1205163a0a9edf9129474b63.dir
      size: 4007786
      nfiles: 5
    - path: lkdemo/algorithms.py
      md5: 87fdd8ec19bfebb834b248cbbc0d8904
      size: 382
    - path: run-algo.py
      md5: bf0864c330ff4d98a9cdd359b2e6b4af
      size: 4447
    params:
      params.yaml:
        lenskit.version: main
    outs:
    - path: runs/ml10m-ALS
      md5: 44aa6646c7e976ed2f6a7e3bb13b4f8b.dir
      size: 98279255
      nfiles: 10
    - path: runs/ml10m-ALS.json
      md5: 65b153fddc1c13198f18ff102c98297c
      size: 198
  als@ml1m:
    cmd: python run-algo.py --splits data-split/ml1m -o runs/ml1m-ALS -M runs/ml1m-ALS.json
      ALS
    deps:
    - path: data-split/ml1m
      md5: 135569a042bfa77c65a89f102a0bae1a.dir
      size: 328728
      nfiles: 5
    - path: lkdemo/algorithms.py
      md5: 87fdd8ec19bfebb834b248cbbc0d8904
      size: 382
    - path: run-algo.py
      md5: bf0864c330ff4d98a9cdd359b2e6b4af
      size: 4447
    params:
      params.yaml:
        lenskit.version: main
    outs:
    - path: runs/ml1m-ALS
      md5: b5dbb36ecbb4016d5e2e591f590c7faa.dir
      size: 8352023
      nfiles: 10
    - path: runs/ml1m-ALS.json
      md5: 0c8f9a5f198ab20d46008a3bcd7202b0
      size: 206
  als@ml20m:
    cmd: python run-algo.py --splits data-split/ml20m -o runs/ml20m-ALS -M runs/ml20m-ALS.json
      ALS
    deps:
    - path: data-split/ml20m
      md5: f0de883fb28d3ed31f0eef0a30a90ae6.dir
      size: 8145464
      nfiles: 5
    - path: lkdemo/algorithms.py
      md5: 87fdd8ec19bfebb834b248cbbc0d8904
      size: 382
    - path: run-algo.py
      md5: bf0864c330ff4d98a9cdd359b2e6b4af
      size: 4447
    params:
      params.yaml:
        lenskit.version: main
    outs:
    - path: runs/ml20m-ALS
      md5: a795a8592fc72ec97250930fb0cb4bb7.dir
      size: 198895940
      nfiles: 10
    - path: runs/ml20m-ALS.json
      md5: 8f07531ed54c3a2102bc8112ee9ba339
      size: 193
  item-item@ml20m:
    cmd: python run-algo.py --splits data-split/ml20m -o runs/ml20m-II -M runs/ml20m-II.json
      II
    deps:
    - path: data-split/ml20m
      md5: f0de883fb28d3ed31f0eef0a30a90ae6.dir
      size: 8145464
      nfiles: 5
    - path: lkdemo/algorithms.py
      md5: 87fdd8ec19bfebb834b248cbbc0d8904
      size: 382
    - path: run-algo.py
      md5: bf0864c330ff4d98a9cdd359b2e6b4af
      size: 4447
    params:
      params.yaml:
        lenskit.version: main
    outs:
    - path: runs/ml20m-II
      md5: dcd3716fc55207913ef3a125be238de1.dir
      size: 197753802
      nfiles: 10
    - path: runs/ml20m-II.json
      md5: c9254e44357ebf80eb5176fbbca5bfc8
      size: 195
  item-item@ml10m:
    cmd: python run-algo.py --splits data-split/ml10m -o runs/ml10m-II -M runs/ml10m-II.json
      II
    deps:
    - path: data-split/ml10m
      md5: c34b2d5f1205163a0a9edf9129474b63.dir
      size: 4007786
      nfiles: 5
    - path: lkdemo/algorithms.py
      md5: 87fdd8ec19bfebb834b248cbbc0d8904
      size: 382
    - path: run-algo.py
      md5: bf0864c330ff4d98a9cdd359b2e6b4af
      size: 4447
    params:
      params.yaml:
        lenskit.version: main
    outs:
    - path: runs/ml10m-II
      md5: 8bde62fc3fbf8718f7d4490453ce7b51.dir
      size: 100686201
      nfiles: 10
    - path: runs/ml10m-II.json
      md5: 2041027473643787f1179d46c2d499a9
      size: 197
  item-item@ml1m:
    cmd: python run-algo.py --splits data-split/ml1m -o runs/ml1m-II -M runs/ml1m-II.json
      II
    deps:
    - path: data-split/ml1m
      md5: 135569a042bfa77c65a89f102a0bae1a.dir
      size: 328728
      nfiles: 5
    - path: lkdemo/algorithms.py
      md5: 87fdd8ec19bfebb834b248cbbc0d8904
      size: 382
    - path: run-algo.py
      md5: bf0864c330ff4d98a9cdd359b2e6b4af
      size: 4447
    params:
      params.yaml:
        lenskit.version: main
    outs:
    - path: runs/ml1m-II
      md5: ac88cc2206964302b882769ed872628e.dir
      size: 8411278
      nfiles: 10
    - path: runs/ml1m-II.json
      md5: 94219e0d6d1647e22c04ae14095ed36e
      size: 204
  als@ml100k:
    cmd: python run-algo.py --splits data-split/ml100k -o runs/ml100k-ALS -M runs/ml100k-ALS.json
      ALS
    deps:
    - path: data-split/ml100k
      md5: c15c2e96b18c0c398ba4cf0919983d50.dir
      size: 52880
      nfiles: 5
    - path: lkdemo/algorithms.py
      md5: 87fdd8ec19bfebb834b248cbbc0d8904
      size: 382
    - path: run-algo.py
      md5: bf0864c330ff4d98a9cdd359b2e6b4af
      size: 4447
    params:
      params.yaml:
        lenskit.version: main
    outs:
    - path: runs/ml100k-ALS
      md5: bf095f3d24816cf4bb4c9928643905a9.dir
      size: 1294207
      nfiles: 10
    - path: runs/ml100k-ALS.json
      md5: 82df44cc7a66b2a02ae408fd644236a9
      size: 210
  item-item@ml100k:
    cmd: python run-algo.py --splits data-split/ml100k -o runs/ml100k-II -M runs/ml100k-II.json
      II
    deps:
    - path: data-split/ml100k
      md5: c15c2e96b18c0c398ba4cf0919983d50.dir
      size: 52880
      nfiles: 5
    - path: lkdemo/algorithms.py
      md5: 87fdd8ec19bfebb834b248cbbc0d8904
      size: 382
    - path: run-algo.py
      md5: bf0864c330ff4d98a9cdd359b2e6b4af
      size: 4447
    params:
      params.yaml:
        lenskit.version: main
    outs:
    - path: runs/ml100k-II
      md5: beaf55081a2a349a8733f1fb79bdd9d5.dir
      size: 1295130
      nfiles: 10
    - path: runs/ml100k-II.json
      md5: 5c1ff270c3a944cc4de02b3ecf9a2473
      size: 208
  user-user@ml100k:
    cmd: python run-algo.py --splits data-split/ml100k -o runs/ml100k-UU -M runs/ml100k-UU.json
      UU
    deps:
    - path: data-split/ml100k
      md5: c15c2e96b18c0c398ba4cf0919983d50.dir
      size: 52880
      nfiles: 5
    - path: lkdemo/algorithms.py
      md5: 87fdd8ec19bfebb834b248cbbc0d8904
      size: 382
    - path: run-algo.py
      md5: bf0864c330ff4d98a9cdd359b2e6b4af
      size: 4447
    params:
      params.yaml:
        lenskit.version: main
    outs:
    - path: runs/ml100k-UU
      md5: 45d9e06555819874d851038d5f362dbe.dir
      size: 1246949
      nfiles: 10
    - path: runs/ml100k-UU.json
      md5: 51f91fb2444f2412933888ce473853f2
      size: 203
  user-user@ml10m:
    cmd: python run-algo.py --splits data-split/ml10m -o runs/ml10m-UU -M runs/ml10m-UU.json
      UU
    deps:
    - path: data-split/ml10m
      md5: c34b2d5f1205163a0a9edf9129474b63.dir
      size: 4007786
      nfiles: 5
    - path: lkdemo/algorithms.py
      md5: 87fdd8ec19bfebb834b248cbbc0d8904
      size: 382
    - path: run-algo.py
      md5: bf0864c330ff4d98a9cdd359b2e6b4af
      size: 4447
    params:
      params.yaml:
        lenskit.version: main
    outs:
    - path: runs/ml10m-UU
      md5: 43705275bdc54adee5ecfb35efe01d5e.dir
      size: 96184065
      nfiles: 10
    - path: runs/ml10m-UU.json
      md5: bb28b14ca6d1922b756b08de57bdd5b9
      size: 209
  user-user@ml1m:
    cmd: python run-algo.py --splits data-split/ml1m -o runs/ml1m-UU -M runs/ml1m-UU.json
      UU
    deps:
    - path: data-split/ml1m
      md5: 135569a042bfa77c65a89f102a0bae1a.dir
      size: 328728
      nfiles: 5
    - path: lkdemo/algorithms.py
      md5: 87fdd8ec19bfebb834b248cbbc0d8904
      size: 382
    - path: run-algo.py
      md5: bf0864c330ff4d98a9cdd359b2e6b4af
      size: 4447
    params:
      params.yaml:
        lenskit.version: main
    outs:
    - path: runs/ml1m-UU
      md5: 7836c6fc96faff0d203a2c9a2e59a311.dir
      size: 8325656
      nfiles: 10
    - path: runs/ml1m-UU.json
      md5: f6e849ea7a0f77ea57240b41a3a6068d
      size: 212
  ials@ml100k:
    cmd: python run-algo.py --splits data-split/ml100k -o runs/ml100k-IALS -M runs/ml100k-IALS.json
      IALS
    deps:
    - path: data-split/ml100k
      md5: c15c2e96b18c0c398ba4cf0919983d50.dir
      size: 52880
      nfiles: 5
    - path: lkdemo/algorithms.py
      md5: 87fdd8ec19bfebb834b248cbbc0d8904
      size: 368
    - path: run-algo.py
      md5: bf0864c330ff4d98a9cdd359b2e6b4af
      size: 4319
    params:
      params.yaml:
        lenskit.version: main
    outs:
    - path: runs/ml100k-IALS
      md5: 7dbb9580fca4d70629ac9c18042254fa.dir
      size: 1319448
      nfiles: 10
    - path: runs/ml100k-IALS.json
      md5: 96f3bd886127fb81e0d431b6b33c3dc8
      size: 204
  ials@ml10m:
    cmd: python run-algo.py --splits data-split/ml10m -o runs/ml10m-IALS -M runs/ml10m-IALS.json
      IALS
    deps:
    - path: data-split/ml10m
      md5: c34b2d5f1205163a0a9edf9129474b63.dir
      size: 4007786
      nfiles: 5
    - path: lkdemo/algorithms.py
      md5: 87fdd8ec19bfebb834b248cbbc0d8904
      size: 368
    - path: run-algo.py
      md5: bf0864c330ff4d98a9cdd359b2e6b4af
      size: 4319
    params:
      params.yaml:
        lenskit.version: main
    outs:
    - path: runs/ml10m-IALS
      md5: 40656d35f2b135b8925a3ffb54835980.dir
      size: 100649942
      nfiles: 10
    - path: runs/ml10m-IALS.json
      md5: 8319c732d944fd4f43315f14a51e376d
      size: 203
  ials@ml1m:
    cmd: python run-algo.py --splits data-split/ml1m -o runs/ml1m-IALS -M runs/ml1m-IALS.json
      IALS
    deps:
    - path: data-split/ml1m
      md5: 135569a042bfa77c65a89f102a0bae1a.dir
      size: 328728
      nfiles: 5
    - path: lkdemo/algorithms.py
      md5: 87fdd8ec19bfebb834b248cbbc0d8904
      size: 368
    - path: run-algo.py
      md5: bf0864c330ff4d98a9cdd359b2e6b4af
      size: 4319
    params:
      params.yaml:
        lenskit.version: main
    outs:
    - path: runs/ml1m-IALS
      md5: f1ed68cec6a4f887ef6cc6f257d62879.dir
      size: 8595326
      nfiles: 10
    - path: runs/ml1m-IALS.json
      md5: 9fa66efa65377fe92aabc41e6da92965
      size: 205
  ials@ml20m:
    cmd: python run-algo.py --splits data-split/ml20m -o runs/ml20m-IALS -M runs/ml20m-IALS.json
      IALS
    deps:
    - path: data-split/ml20m
      md5: f0de883fb28d3ed31f0eef0a30a90ae6.dir
      size: 8145464
      nfiles: 5
    - path: lkdemo/algorithms.py
      md5: 87fdd8ec19bfebb834b248cbbc0d8904
      size: 368
    - path: run-algo.py
      md5: bf0864c330ff4d98a9cdd359b2e6b4af
      size: 4319
    params:
      params.yaml:
        lenskit.version: main
    outs:
    - path: runs/ml20m-IALS
      md5: f3db45e49ae3ac45f20cecd1127dbba4.dir
      size: 201297824
      nfiles: 10
    - path: runs/ml20m-IALS.json
      md5: 1a8778a196c421158e5bdda7a35a82ca
      size: 207
