schema: '2.0'
stages:
  als@ml10m:
    cmd: python run-algo.py --splits data-split/ml10m -o runs/ml10m-ALS -M runs/ml10m-ALS.json
      ALS
    deps:
    - path: data-split/ml10m
      md5: c34b2d5f1205163a0a9edf9129474b63.dir
      size: 4007786
      nfiles: 5
    - path: lkdemo/algorithms.py
      md5: 87fdd8ec19bfebb834b248cbbc0d8904
      size: 368
    - path: run-algo.py
      md5: b78f79d2b8a32ef6b3241bcbc122059f
      size: 3971
    outs:
    - path: runs/ml10m-ALS
      md5: 60d811ee820f7fd4d5a285e1188c7cfb.dir
      size: 98603132
      nfiles: 10
    - path: runs/ml10m-ALS.json
      md5: 6c6ee2598cfcb62f041b936c17de6a37
      size: 59
