schema: '2.0'
stages:
  ml100k-ALS:
    cmd: ./env-python.sh 0.12 run-algo.py --splits data-split/ml100k -o runs/0.12/ml100k-ALS
      -M runs/0.12/ml100k-ALS.json ALS
    deps:
    - path: data-split/ml100k
      md5: 42424a2a8d9ae27cdcccb48e6dc2ace2.dir
      size: 53351
      nfiles: 5
    outs:
    - path: runs/0.12/ml100k-ALS
      hash: md5
      md5: 7f95304928336271de718f225f4d327e.dir
      size: 1107017
      nfiles: 10
    - path: runs/0.12/ml100k-ALS.json
      md5: f734f3e83bd05587459931579e35ec93
      size: 203
  ml20m-II:
    cmd: ./env-python.sh 0.12 run-algo.py --splits data-split/ml20m -o runs/0.12/ml20m-II
      -M runs/0.12/ml20m-II.json II
    deps:
    - path: data-split/ml20m
      md5: a48b901f072fa0b345277bf0b5a9f124.dir
      size: 8146133
      nfiles: 5
    outs:
    - path: runs/0.12/ml20m-II
      hash: md5
      md5: 6115ee6488cde029d9d89cbde647ad81.dir
      size: 138002104
      nfiles: 10
    - path: runs/0.12/ml20m-II.json
      md5: 6453e4dea1928cfc521bf029efe65c08
      size: 208
  ml1m-ALS:
    cmd: ./env-python.sh 0.12 run-algo.py --splits data-split/ml1m -o runs/0.12/ml1m-ALS
      -M runs/0.12/ml1m-ALS.json ALS
    deps:
    - path: data-split/ml1m
      md5: c738f2f559e657427fb304b1a3a2e007.dir
      size: 333412
      nfiles: 5
    outs:
    - path: runs/0.12/ml1m-ALS
      hash: md5
      md5: 3db12288aab7bd3d29daf6ea77af2d95.dir
      size: 7048925
      nfiles: 10
    - path: runs/0.12/ml1m-ALS.json
      md5: 450833a72c17a47f108b4d10c0223b1c
      size: 203
  ml10m-ALS:
    cmd: ./env-python.sh 0.12 run-algo.py --splits data-split/ml10m -o runs/0.12/ml10m-ALS
      -M runs/0.12/ml10m-ALS.json ALS
    deps:
    - path: data-split/ml10m
      md5: 758eb106e9d2b2ebbceefe702f058bff.dir
      size: 4010002
      nfiles: 5
    outs:
    - path: runs/0.12/ml10m-ALS
      hash: md5
      md5: 340829ace743e762f8dc4bf69042e14e.dir
      size: 70141306
      nfiles: 10
    - path: runs/0.12/ml10m-ALS.json
      md5: 53a24ee4d05c7d11992ace099d37ab79
      size: 205
  ml100k-II:
    cmd: ./env-python.sh 0.12 run-algo.py --splits data-split/ml100k -o runs/0.12/ml100k-II
      -M runs/0.12/ml100k-II.json II
    deps:
    - path: data-split/ml100k
      md5: 42424a2a8d9ae27cdcccb48e6dc2ace2.dir
      size: 53351
      nfiles: 5
    outs:
    - path: runs/0.12/ml100k-II
      hash: md5
      md5: d4a278e92487dfc007cecf92b5302579.dir
      size: 1105887
      nfiles: 10
    - path: runs/0.12/ml100k-II.json
      md5: e2b8a1be576b491702f61c621fdd7e2d
      size: 210
  ml1m-II:
    cmd: ./env-python.sh 0.12 run-algo.py --splits data-split/ml1m -o runs/0.12/ml1m-II
      -M runs/0.12/ml1m-II.json II
    deps:
    - path: data-split/ml1m
      md5: c738f2f559e657427fb304b1a3a2e007.dir
      size: 333412
      nfiles: 5
    outs:
    - path: runs/0.12/ml1m-II
      hash: md5
      md5: 8cfcc99fa66ad7ffe243a1176e99557e.dir
      size: 7064411
      nfiles: 10
    - path: runs/0.12/ml1m-II.json
      md5: d8b73ee9fc77ab925f3a2e9aab8b481f
      size: 204
  ml10m-II:
    cmd: ./env-python.sh 0.12 run-algo.py --splits data-split/ml10m -o runs/0.12/ml10m-II
      -M runs/0.12/ml10m-II.json II
    deps:
    - path: data-split/ml10m
      md5: 758eb106e9d2b2ebbceefe702f058bff.dir
      size: 4010002
      nfiles: 5
    outs:
    - path: runs/0.12/ml10m-II
      hash: md5
      md5: 2e576bddd02a2e57180b5aacb67adaaf.dir
      size: 67563455
      nfiles: 10
    - path: runs/0.12/ml10m-II.json
      md5: 55f31f89e06905b12bdab9f93527e2bd
      size: 205
  ml20m-ALS:
    cmd: ./env-python.sh 0.12 run-algo.py --splits data-split/ml20m -o runs/0.12/ml20m-ALS
      -M runs/0.12/ml20m-ALS.json ALS
    deps:
    - path: data-split/ml20m
      md5: a48b901f072fa0b345277bf0b5a9f124.dir
      size: 8146133
      nfiles: 5
    outs:
    - path: runs/0.12/ml20m-ALS
      hash: md5
      md5: ef4c1b2b1523111791cfc214e237b0ea.dir
      size: 138117704
      nfiles: 10
    - path: runs/0.12/ml20m-ALS.json
      md5: b470e5f1c41f18d8d4762d6c6c7552e4
      size: 209
  ml100k-IALS:
    cmd: ./env-python.sh 0.12 run-algo.py --splits data-split/ml100k --no-predict
      -o runs/0.12/ml100k-IALS -M runs/0.12/ml100k-IALS.json IALS
    deps:
    - path: data-split/ml100k
      md5: 42424a2a8d9ae27cdcccb48e6dc2ace2.dir
      size: 53351
      nfiles: 5
    outs:
    - path: runs/0.12/ml100k-IALS
      hash: md5
      md5: e706a44bb471eea56fd9c3ec9c92e4b1.dir
      size: 1032823
      nfiles: 5
    - path: runs/0.12/ml100k-IALS.json
      hash: md5
      md5: ad903f020498f74ac470918eba0eae50
      size: 174
  ml1m-IALS:
    cmd: ./env-python.sh 0.12 run-algo.py --splits data-split/ml1m --no-predict -o
      runs/0.12/ml1m-IALS -M runs/0.12/ml1m-IALS.json IALS
    deps:
    - path: data-split/ml1m
      md5: c738f2f559e657427fb304b1a3a2e007.dir
      size: 333412
      nfiles: 5
    outs:
    - path: runs/0.12/ml1m-IALS
      hash: md5
      md5: b8fc79fcca56bb42f9f2bb86d0712f5d.dir
      size: 6648766
      nfiles: 5
    - path: runs/0.12/ml1m-IALS.json
      hash: md5
      md5: b1f9a59b392c2468f7686f39c02a545f
      size: 173
  ml10m-IALS:
    cmd: ./env-python.sh 0.12 run-algo.py --splits data-split/ml10m --no-predict -o
      runs/0.12/ml10m-IALS -M runs/0.12/ml10m-IALS.json IALS
    deps:
    - path: data-split/ml10m
      md5: 758eb106e9d2b2ebbceefe702f058bff.dir
      size: 4010002
      nfiles: 5
    outs:
    - path: runs/0.12/ml10m-IALS
      hash: md5
      md5: 16ba314e62eb29363e8957bddeb9c726.dir
      size: 65644005
      nfiles: 5
    - path: runs/0.12/ml10m-IALS.json
      hash: md5
      md5: fe63a25236f37081be9a9b41f1053d82
      size: 177
  ml20m-IALS:
    cmd: ./env-python.sh 0.12 run-algo.py --splits data-split/ml20m --no-predict -o
      runs/0.12/ml20m-IALS -M runs/0.12/ml20m-IALS.json IALS
    deps:
    - path: data-split/ml20m
      md5: a48b901f072fa0b345277bf0b5a9f124.dir
      size: 8146133
      nfiles: 5
    outs:
    - path: runs/0.12/ml20m-IALS
      hash: md5
      md5: 0fd9940eb6430e3dd1a44233609eb7e7.dir
      size: 129017240
      nfiles: 5
    - path: runs/0.12/ml20m-IALS.json
      hash: md5
      md5: c9e453eb31df332de5e46e74a913ccc3
      size: 173
  collect:
    cmd: python collect-metrics.py -o runs/0.12/metrics.csv runs/0.12
    deps:
    - path: collect-metrics.py
      hash: md5
      md5: 8ea4e245949361517313accd986c0dd3
      size: 774
    - path: runs/0.12/ml100k-ALS.json
      md5: f734f3e83bd05587459931579e35ec93
      size: 203
    - path: runs/0.12/ml100k-IALS.json
      hash: md5
      md5: ad903f020498f74ac470918eba0eae50
      size: 174
    - path: runs/0.12/ml100k-II.json
      md5: e2b8a1be576b491702f61c621fdd7e2d
      size: 210
    - path: runs/0.12/ml10m-ALS.json
      md5: 53a24ee4d05c7d11992ace099d37ab79
      size: 205
    - path: runs/0.12/ml10m-IALS.json
      hash: md5
      md5: fe63a25236f37081be9a9b41f1053d82
      size: 177
    - path: runs/0.12/ml10m-II.json
      md5: 55f31f89e06905b12bdab9f93527e2bd
      size: 205
    - path: runs/0.12/ml1m-ALS.json
      md5: 450833a72c17a47f108b4d10c0223b1c
      size: 203
    - path: runs/0.12/ml1m-IALS.json
      hash: md5
      md5: b1f9a59b392c2468f7686f39c02a545f
      size: 173
    - path: runs/0.12/ml1m-II.json
      md5: d8b73ee9fc77ab925f3a2e9aab8b481f
      size: 204
    - path: runs/0.12/ml20m-ALS.json
      md5: b470e5f1c41f18d8d4762d6c6c7552e4
      size: 209
    - path: runs/0.12/ml20m-IALS.json
      hash: md5
      md5: c9e453eb31df332de5e46e74a913ccc3
      size: 173
    - path: runs/0.12/ml20m-II.json
      md5: 6453e4dea1928cfc521bf029efe65c08
      size: 208
    outs:
    - path: runs/0.12/metrics.csv
      hash: md5
      md5: 03bb5f1239b691c12538dfb091e76399
      size: 1981
