schema: '2.0'
stages:
  ml100k-ALS:
    cmd: python envtool.py --run 0.12 run-algo.py --splits data-split/ml100k -o runs/0.12/ml100k-ALS
      -M runs/0.12/ml100k-ALS.json ALS
    deps:
    - path: data-split/ml100k
      md5: 42424a2a8d9ae27cdcccb48e6dc2ace2.dir
      size: 53351
      nfiles: 5
    outs:
    - path: runs/0.12/ml100k-ALS
      md5: 1d41e6a5c5a5ddfca007291a53255bf7.dir
      size: 1290519
      nfiles: 10
    - path: runs/0.12/ml100k-ALS.json
      md5: f734f3e83bd05587459931579e35ec93
      size: 203
  ml20m-II:
    cmd: python envtool.py --run 0.12 run-algo.py --splits data-split/ml20m -o runs/0.12/ml20m-II
      -M runs/0.12/ml20m-II.json II
    deps:
    - path: data-split/ml20m
      md5: a48b901f072fa0b345277bf0b5a9f124.dir
      size: 8146133
      nfiles: 5
    outs:
    - path: runs/0.12/ml20m-II
      md5: 487e72d41345029c3e31b451b7611f31.dir
      size: 196469836
      nfiles: 10
    - path: runs/0.12/ml20m-II.json
      md5: 6453e4dea1928cfc521bf029efe65c08
      size: 208
