schema: '2.0'
stages:
  ml10m:
    cmd: python split-data.py ml10m -o data-split/ml10m
    deps:
    - path: data/ml-10M100K
      md5: 0ff97e7caebfc577216e762ec5266cfd.dir
      size: 269225571
      nfiles: 6
    - path: split-data.py
      hash: md5
      md5: a1932613af1538320c718da0569eff40
      size: 1327
    params:
      params.yaml:
        random.seed: 20211209
    outs:
    - path: data-split/ml10m
      md5: 758eb106e9d2b2ebbceefe702f058bff.dir
      size: 4010002
      nfiles: 5
  ml1m:
    cmd: python split-data.py ml1m -o data-split/ml1m
    deps:
    - path: data/ml-1m
      md5: 82cb2289085c2178418e006f69afc645.dir
      size: 24905384
      nfiles: 4
    - path: split-data.py
      hash: md5
      md5: a1932613af1538320c718da0569eff40
      size: 1327
    params:
      params.yaml:
        random.seed: 20211209
    outs:
    - path: data-split/ml1m
      md5: c738f2f559e657427fb304b1a3a2e007.dir
      size: 333412
      nfiles: 5
  ml20m:
    cmd: python split-data.py ml20m -o data-split/ml20m
    deps:
    - path: data/ml-20m
      md5: c330ca8a1a4009f53451a8aeaa325d91.dir
      size: 875588784
      nfiles: 7
    - path: split-data.py
      hash: md5
      md5: a1932613af1538320c718da0569eff40
      size: 1327
    params:
      params.yaml:
        random.seed: 20211209
    outs:
    - path: data-split/ml20m
      md5: a48b901f072fa0b345277bf0b5a9f124.dir
      size: 8146133
      nfiles: 5
  ml100k:
    cmd: python split-data.py ml100k -o data-split/ml100k
    deps:
    - path: data/ml-100k
      md5: 33e3b98f41ab1289116f74de90b95a24.dir
      size: 16100896
      nfiles: 23
    - path: split-data.py
      hash: md5
      md5: a1932613af1538320c718da0569eff40
      size: 1327
    params:
      params.yaml:
        random.seed: 20211209
    outs:
    - path: data-split/ml100k
      md5: 42424a2a8d9ae27cdcccb48e6dc2ace2.dir
      size: 53351
      nfiles: 5
