schema: '2.0'
stages:
  ml20m-ALS:
    cmd: ./env-python.sh main run-algo.py --splits data-split/ml20m -o runs/main/ml20m-ALS
      -M runs/main/ml20m-ALS.json ALS
    deps:
    - path: data-split/ml20m
      md5: a48b901f072fa0b345277bf0b5a9f124.dir
      size: 8146133
      nfiles: 5
    outs:
    - path: runs/main/ml20m-ALS
      hash: md5
      md5: 3e556e0a65b293c40d538a40cf7ade17.dir
      size: 135540194
      nfiles: 10
    - path: runs/main/ml20m-ALS.json
      hash: md5
      md5: cb59d9a12c7f3f9c51a60ae8bf7de54d
      size: 208
  ml100k-IALS:
    cmd: pixi run --locked -e lk-main run-algo.py --splits data-split/ml100k --no-predict
      -o runs/main/ml100k-IALS -M runs/main/ml100k-IALS.json IALS
    deps:
    - path: data-split/ml100k
      md5: 42424a2a8d9ae27cdcccb48e6dc2ace2.dir
      size: 53351
      nfiles: 5
    outs:
    - path: runs/main/ml100k-IALS
      hash: md5
      md5: 4b2ddbede4013c7da5b3389042448310.dir
      size: 655981
      nfiles: 5
    - path: runs/main/ml100k-IALS.json
      hash: md5
      md5: 0bb3c152480b4772d9b6d17a0d3bfc79
      size: 178
  ml20m-IALS:
    cmd: ./env-python.sh main run-algo.py --splits data-split/ml20m --no-predict -o
      runs/main/ml20m-IALS -M runs/main/ml20m-IALS.json IALS
    deps:
    - path: data-split/ml20m
      md5: a48b901f072fa0b345277bf0b5a9f124.dir
      size: 8146133
      nfiles: 5
    outs:
    - path: runs/main/ml20m-IALS
      hash: md5
      md5: ee14c10d605b92c29ba20e7bf1157d77.dir
      size: 129591372
      nfiles: 5
    - path: runs/main/ml20m-IALS.json
      hash: md5
      md5: 80bda57ac6fdbee15aa5ef363092f615
      size: 174
  ml1m-IALS:
    cmd: pixi run --locked -e lk-main run-algo.py --splits data-split/ml1m --no-predict
      -o runs/main/ml1m-IALS -M runs/main/ml1m-IALS.json IALS
    deps:
    - path: data-split/ml1m
      hash: md5
      md5: f7107620aab50c4a42f015d2858334fe.dir
      size: 329146
      nfiles: 5
    outs:
    - path: runs/main/ml1m-IALS
      hash: md5
      md5: 913e3e8592d74da9c633c937e8fd0a59.dir
      size: 4225603
      nfiles: 5
    - path: runs/main/ml1m-IALS.json
      hash: md5
      md5: b7b080cbe66e3cb58dcf2c9b9dafc78a
      size: 172
  ml1m-UU:
    cmd: pixi run --locked -e lk-main run-algo.py --splits data-split/ml1m -o runs/main/ml1m-UU
      -M runs/main/ml1m-UU.json UU
    deps:
    - path: data-split/ml1m
      hash: md5
      md5: f7107620aab50c4a42f015d2858334fe.dir
      size: 329146
      nfiles: 5
    outs:
    - path: runs/main/ml1m-UU
      hash: md5
      md5: 21a69dbfd15e5f57093456dfbf948dc8.dir
      size: 4420786
      nfiles: 10
    - path: runs/main/ml1m-UU.json
      hash: md5
      md5: fe280c52d062dab5c9a1f6edfee8fb50
      size: 215
  ml100k-II:
    cmd: pixi run --locked -e lk-main run-algo.py --splits data-split/ml100k -o runs/main/ml100k-II
      -M runs/main/ml100k-II.json II
    deps:
    - path: data-split/ml100k
      md5: 42424a2a8d9ae27cdcccb48e6dc2ace2.dir
      size: 53351
      nfiles: 5
    outs:
    - path: runs/main/ml100k-II
      hash: md5
      md5: 2d213cafef3dff8c2c43a8804c048e40.dir
      size: 690484
      nfiles: 10
    - path: runs/main/ml100k-II.json
      hash: md5
      md5: 0c3e10988f8bd1d575a9777aa6e3cbe3
      size: 214
  ml1m-II:
    cmd: pixi run --locked -e lk-main run-algo.py --splits data-split/ml1m -o runs/main/ml1m-II
      -M runs/main/ml1m-II.json II
    deps:
    - path: data-split/ml1m
      hash: md5
      md5: f7107620aab50c4a42f015d2858334fe.dir
      size: 329146
      nfiles: 5
    outs:
    - path: runs/main/ml1m-II
      hash: md5
      md5: fb603cef05e39d53cff4debf5cb6040d.dir
      size: 4433812
      nfiles: 10
    - path: runs/main/ml1m-II.json
      hash: md5
      md5: 87b8a64aa0dec41f4c002d23bceea077
      size: 207
  ml10m-II:
    cmd: ./env-python.sh main run-algo.py --splits data-split/ml10m -o runs/main/ml10m-II
      -M runs/main/ml10m-II.json II
    deps:
    - path: data-split/ml10m
      md5: 758eb106e9d2b2ebbceefe702f058bff.dir
      size: 4010002
      nfiles: 5
    outs:
    - path: runs/main/ml10m-II
      hash: md5
      md5: 2f7568b77dbcb5b9df396e4b1b01943c.dir
      size: 45220165
      nfiles: 10
    - path: runs/main/ml10m-II.json
      hash: md5
      md5: 98cc340e6e0f033bfba2d2ca55c25c9f
      size: 201
  ml20m-II:
    cmd: ./env-python.sh main run-algo.py --splits data-split/ml20m -o runs/main/ml20m-II
      -M runs/main/ml20m-II.json II
    deps:
    - path: data-split/ml20m
      md5: a48b901f072fa0b345277bf0b5a9f124.dir
      size: 8146133
      nfiles: 5
    outs:
    - path: runs/main/ml20m-II
      hash: md5
      md5: 12a83181b2172906f81a51cd09b257a1.dir
      size: 84605304
      nfiles: 10
    - path: runs/main/ml20m-II.json
      hash: md5
      md5: cf1d11ebc3b0c6bd1c18fe64ab1e73ba
      size: 202
  ml100k-UU:
    cmd: pixi run --locked -e lk-main run-algo.py --splits data-split/ml100k -o runs/main/ml100k-UU
      -M runs/main/ml100k-UU.json UU
    deps:
    - path: data-split/ml100k
      md5: 42424a2a8d9ae27cdcccb48e6dc2ace2.dir
      size: 53351
      nfiles: 5
    outs:
    - path: runs/main/ml100k-UU
      hash: md5
      md5: 53529a02f4d601dce33c2eaf8ee344ba.dir
      size: 670821
      nfiles: 10
    - path: runs/main/ml100k-UU.json
      hash: md5
      md5: a2b832b3b4ede82a2e22cc485193e8bf
      size: 220
  ml10m-UU:
    cmd: ./env-python.sh main run-algo.py --splits data-split/ml10m -o runs/main/ml10m-UU
      -M runs/main/ml10m-UU.json UU
    deps:
    - path: data-split/ml10m
      md5: 758eb106e9d2b2ebbceefe702f058bff.dir
      size: 4010002
      nfiles: 5
    outs:
    - path: runs/main/ml10m-UU
      hash: md5
      md5: 08b9958ed8bfd51a3901cc82774f64f0.dir
      size: 43507632
      nfiles: 10
    - path: runs/main/ml10m-UU.json
      hash: md5
      md5: ea91c61aed3e566f6e0e558311be4084
      size: 206
  ml100k-ALS:
    cmd: pixi run --locked -e lk-main run-algo.py --splits data-split/ml100k -o runs/main/ml100k-ALS
      -M runs/main/ml100k-ALS.json ALS
    deps:
    - path: data-split/ml100k
      md5: 42424a2a8d9ae27cdcccb48e6dc2ace2.dir
      size: 53351
      nfiles: 5
    outs:
    - path: runs/main/ml100k-ALS
      hash: md5
      md5: da9fdbd6f81ee5c34b75947ae850f8e4.dir
      size: 691137
      nfiles: 10
    - path: runs/main/ml100k-ALS.json
      hash: md5
      md5: b0670c525241b2f96190b2f7882888a5
      size: 208
  ml1m-ALS:
    cmd: pixi run --locked -e lk-main run-algo.py --splits data-split/ml1m -o runs/main/ml1m-ALS
      -M runs/main/ml1m-ALS.json ALS
    deps:
    - path: data-split/ml1m
      hash: md5
      md5: f7107620aab50c4a42f015d2858334fe.dir
      size: 329146
      nfiles: 5
    outs:
    - path: runs/main/ml1m-ALS
      hash: md5
      md5: b8ef5303986d0cf4c52d34c5a8b7453e.dir
      size: 4402912
      nfiles: 10
    - path: runs/main/ml1m-ALS.json
      hash: md5
      md5: 43a54f1478f362fa39424dca6bbca41f
      size: 204
  ml10m-ALS:
    cmd: ./env-python.sh main run-algo.py --splits data-split/ml10m -o runs/main/ml10m-ALS
      -M runs/main/ml10m-ALS.json ALS
    deps:
    - path: data-split/ml10m
      md5: 758eb106e9d2b2ebbceefe702f058bff.dir
      size: 4010002
      nfiles: 5
    outs:
    - path: runs/main/ml10m-ALS
      hash: md5
      md5: 7acafa78bd753d691c240c643d506758.dir
      size: 69885453
      nfiles: 10
    - path: runs/main/ml10m-ALS.json
      hash: md5
      md5: 78ab0bdbe50efe79298d980de7061e91
      size: 204
  ml10m-IALS:
    cmd: ./env-python.sh main run-algo.py --splits data-split/ml10m --no-predict -o
      runs/main/ml10m-IALS -M runs/main/ml10m-IALS.json IALS
    deps:
    - path: data-split/ml10m
      md5: 758eb106e9d2b2ebbceefe702f058bff.dir
      size: 4010002
      nfiles: 5
    outs:
    - path: runs/main/ml10m-IALS
      hash: md5
      md5: 4aeb64179d623482cef528c7b57e220e.dir
      size: 65967390
      nfiles: 5
    - path: runs/main/ml10m-IALS.json
      hash: md5
      md5: 51ac5e6dafb3d20485c2a8c3e2343b43
      size: 173
  collect:
    cmd: python collect-metrics.py -o runs/main/metrics.csv runs/main
    deps:
    - path: collect-metrics.py
      hash: md5
      md5: 7e439d6d97efc0f6d828e6d04e77b075
      size: 772
    - path: runs/main/ml100k-ALS.json
      hash: md5
      md5: 847a1db0dd43318d91185fec1af05f1f
      size: 204
    - path: runs/main/ml100k-IALS.json
      hash: md5
      md5: 0bd7d73088162bad4d90a2a28d6babb6
      size: 171
    - path: runs/main/ml100k-II.json
      hash: md5
      md5: 92c3f0b5473757edfc039b67bf749ff6
      size: 212
    - path: runs/main/ml100k-UU.json
      hash: md5
      md5: 9b45be0b26f0999decf865e97769b198
      size: 217
    - path: runs/main/ml10m-ALS.json
      hash: md5
      md5: 78ab0bdbe50efe79298d980de7061e91
      size: 204
    - path: runs/main/ml10m-IALS.json
      hash: md5
      md5: 51ac5e6dafb3d20485c2a8c3e2343b43
      size: 173
    - path: runs/main/ml10m-II.json
      hash: md5
      md5: 98cc340e6e0f033bfba2d2ca55c25c9f
      size: 201
    - path: runs/main/ml10m-UU.json
      hash: md5
      md5: ea91c61aed3e566f6e0e558311be4084
      size: 206
    - path: runs/main/ml1m-ALS.json
      hash: md5
      md5: 47906f71e81a1ff86ed0bd81c82b492b
      size: 207
    - path: runs/main/ml1m-IALS.json
      hash: md5
      md5: f7a8344e66e161f9d8711893bc0f3e65
      size: 179
    - path: runs/main/ml1m-II.json
      hash: md5
      md5: 879250266c129311cfa3ff96e69138e3
      size: 209
    - path: runs/main/ml1m-UU.json
      hash: md5
      md5: 8c892dfb7cd22976a1040076c250496a
      size: 211
    - path: runs/main/ml20m-ALS.json
      hash: md5
      md5: cb59d9a12c7f3f9c51a60ae8bf7de54d
      size: 208
    - path: runs/main/ml20m-IALS.json
      hash: md5
      md5: 80bda57ac6fdbee15aa5ef363092f615
      size: 174
    - path: runs/main/ml20m-II.json
      hash: md5
      md5: cf1d11ebc3b0c6bd1c18fe64ab1e73ba
      size: 202
    outs:
    - path: runs/main/metrics.csv
      hash: md5
      md5: b5d426317e04e2322929a9d70aa48e54
      size: 2501
