schema: '2.0'
stages:
  ml20m-ALS:
    cmd: pixi run --locked -e lk-main run-algo.py --splits data-split/ml20m -o runs/main/ml20m-ALS
      -M runs/main/ml20m-ALS.json ALS
    deps:
    - path: data-split/ml20m
      md5: a48b901f072fa0b345277bf0b5a9f124.dir
      size: 8146133
      nfiles: 5
    outs:
    - path: runs/main/ml20m-ALS
      hash: md5
      md5: e0df0dbea0023e4d4fa44410abe2acd1.dir
      size: 91788269
      nfiles: 10
    - path: runs/main/ml20m-ALS.json
      hash: md5
      md5: 3b5eab068627ea677948505b3091cfbe
      size: 201
  ml100k-IALS:
    cmd: pixi run --locked -e lk-main run-algo.py --splits data-split/ml100k --no-predict
      -o runs/main/ml100k-IALS -M runs/main/ml100k-IALS.json IALS
    deps:
    - path: data-split/ml100k
      md5: 42424a2a8d9ae27cdcccb48e6dc2ace2.dir
      size: 53351
      nfiles: 5
    outs:
    - path: runs/main/ml100k-IALS
      hash: md5
      md5: 4b2ddbede4013c7da5b3389042448310.dir
      size: 655981
      nfiles: 5
    - path: runs/main/ml100k-IALS.json
      hash: md5
      md5: 0bb3c152480b4772d9b6d17a0d3bfc79
      size: 178
  ml20m-IALS:
    cmd: pixi run --locked -e lk-main run-algo.py --splits data-split/ml20m --no-predict
      -o runs/main/ml20m-IALS -M runs/main/ml20m-IALS.json IALS
    deps:
    - path: data-split/ml20m
      md5: a48b901f072fa0b345277bf0b5a9f124.dir
      size: 8146133
      nfiles: 5
    outs:
    - path: runs/main/ml20m-IALS
      hash: md5
      md5: f081465de21db5391e1a22711c9b9dbe.dir
      size: 87891889
      nfiles: 5
    - path: runs/main/ml20m-IALS.json
      hash: md5
      md5: 7adf8dec3671718908b71c06ac07a94e
      size: 172
  ml1m-IALS:
    cmd: pixi run --locked -e lk-main run-algo.py --splits data-split/ml1m --no-predict
      -o runs/main/ml1m-IALS -M runs/main/ml1m-IALS.json IALS
    deps:
    - path: data-split/ml1m
      hash: md5
      md5: f7107620aab50c4a42f015d2858334fe.dir
      size: 329146
      nfiles: 5
    outs:
    - path: runs/main/ml1m-IALS
      hash: md5
      md5: 913e3e8592d74da9c633c937e8fd0a59.dir
      size: 4225603
      nfiles: 5
    - path: runs/main/ml1m-IALS.json
      hash: md5
      md5: b7b080cbe66e3cb58dcf2c9b9dafc78a
      size: 172
  ml1m-UU:
    cmd: pixi run --locked -e lk-main run-algo.py --splits data-split/ml1m -o runs/main/ml1m-UU
      -M runs/main/ml1m-UU.json UU
    deps:
    - path: data-split/ml1m
      hash: md5
      md5: f7107620aab50c4a42f015d2858334fe.dir
      size: 329146
      nfiles: 5
    outs:
    - path: runs/main/ml1m-UU
      hash: md5
      md5: 21a69dbfd15e5f57093456dfbf948dc8.dir
      size: 4420786
      nfiles: 10
    - path: runs/main/ml1m-UU.json
      hash: md5
      md5: fe280c52d062dab5c9a1f6edfee8fb50
      size: 215
  ml100k-II:
    cmd: pixi run --locked -e lk-main run-algo.py --splits data-split/ml100k -o runs/main/ml100k-II
      -M runs/main/ml100k-II.json II
    deps:
    - path: data-split/ml100k
      md5: 42424a2a8d9ae27cdcccb48e6dc2ace2.dir
      size: 53351
      nfiles: 5
    outs:
    - path: runs/main/ml100k-II
      hash: md5
      md5: 2d213cafef3dff8c2c43a8804c048e40.dir
      size: 690484
      nfiles: 10
    - path: runs/main/ml100k-II.json
      hash: md5
      md5: 0c3e10988f8bd1d575a9777aa6e3cbe3
      size: 214
  ml1m-II:
    cmd: pixi run --locked -e lk-main run-algo.py --splits data-split/ml1m -o runs/main/ml1m-II
      -M runs/main/ml1m-II.json II
    deps:
    - path: data-split/ml1m
      hash: md5
      md5: f7107620aab50c4a42f015d2858334fe.dir
      size: 329146
      nfiles: 5
    outs:
    - path: runs/main/ml1m-II
      hash: md5
      md5: fb603cef05e39d53cff4debf5cb6040d.dir
      size: 4433812
      nfiles: 10
    - path: runs/main/ml1m-II.json
      hash: md5
      md5: 87b8a64aa0dec41f4c002d23bceea077
      size: 207
  ml10m-II:
    cmd: pixi run --locked -e lk-main run-algo.py --splits data-split/ml10m -o runs/main/ml10m-II
      -M runs/main/ml10m-II.json II
    deps:
    - path: data-split/ml10m
      md5: 758eb106e9d2b2ebbceefe702f058bff.dir
      size: 4010002
      nfiles: 5
    outs:
    - path: runs/main/ml10m-II
      hash: md5
      md5: 7c851c031cc804f2c341558f4c3a5ba8.dir
      size: 47334715
      nfiles: 10
    - path: runs/main/ml10m-II.json
      hash: md5
      md5: 3b17991c2e3bf4f4109d93fcd35c7ddf
      size: 208
  ml20m-II:
    cmd: pixi run --locked -e lk-main run-algo.py --splits data-split/ml20m -o runs/main/ml20m-II
      -M runs/main/ml20m-II.json II
    deps:
    - path: data-split/ml20m
      md5: a48b901f072fa0b345277bf0b5a9f124.dir
      size: 8146133
      nfiles: 5
    outs:
    - path: runs/main/ml20m-II
      hash: md5
      md5: 110fe0e0819fd0e5844b0525a5c357b7.dir
      size: 90855125
      nfiles: 10
    - path: runs/main/ml20m-II.json
      hash: md5
      md5: a035d05982e09d3e17a101add72b5ff6
      size: 204
  ml100k-UU:
    cmd: pixi run --locked -e lk-main run-algo.py --splits data-split/ml100k -o runs/main/ml100k-UU
      -M runs/main/ml100k-UU.json UU
    deps:
    - path: data-split/ml100k
      md5: 42424a2a8d9ae27cdcccb48e6dc2ace2.dir
      size: 53351
      nfiles: 5
    outs:
    - path: runs/main/ml100k-UU
      hash: md5
      md5: 53529a02f4d601dce33c2eaf8ee344ba.dir
      size: 670821
      nfiles: 10
    - path: runs/main/ml100k-UU.json
      hash: md5
      md5: a2b832b3b4ede82a2e22cc485193e8bf
      size: 220
  ml10m-UU:
    cmd: pixi run --locked -e lk-main run-algo.py --splits data-split/ml10m -o runs/main/ml10m-UU
      -M runs/main/ml10m-UU.json UU
    deps:
    - path: data-split/ml10m
      md5: 758eb106e9d2b2ebbceefe702f058bff.dir
      size: 4010002
      nfiles: 5
    outs:
    - path: runs/main/ml10m-UU
      hash: md5
      md5: efc25d9f72700e232897429d82387ec6.dir
      size: 46012879
      nfiles: 10
    - path: runs/main/ml10m-UU.json
      hash: md5
      md5: ff144896ddbb43615cbf07fc6d42693e
      size: 208
  ml100k-ALS:
    cmd: pixi run --locked -e lk-main run-algo.py --splits data-split/ml100k -o runs/main/ml100k-ALS
      -M runs/main/ml100k-ALS.json ALS
    deps:
    - path: data-split/ml100k
      md5: 42424a2a8d9ae27cdcccb48e6dc2ace2.dir
      size: 53351
      nfiles: 5
    outs:
    - path: runs/main/ml100k-ALS
      hash: md5
      md5: da9fdbd6f81ee5c34b75947ae850f8e4.dir
      size: 691137
      nfiles: 10
    - path: runs/main/ml100k-ALS.json
      hash: md5
      md5: b0670c525241b2f96190b2f7882888a5
      size: 208
  ml1m-ALS:
    cmd: pixi run --locked -e lk-main run-algo.py --splits data-split/ml1m -o runs/main/ml1m-ALS
      -M runs/main/ml1m-ALS.json ALS
    deps:
    - path: data-split/ml1m
      hash: md5
      md5: f7107620aab50c4a42f015d2858334fe.dir
      size: 329146
      nfiles: 5
    outs:
    - path: runs/main/ml1m-ALS
      hash: md5
      md5: b8ef5303986d0cf4c52d34c5a8b7453e.dir
      size: 4402912
      nfiles: 10
    - path: runs/main/ml1m-ALS.json
      hash: md5
      md5: 43a54f1478f362fa39424dca6bbca41f
      size: 204
  ml10m-ALS:
    cmd: pixi run --locked -e lk-main run-algo.py --splits data-split/ml10m -o runs/main/ml10m-ALS
      -M runs/main/ml10m-ALS.json ALS
    deps:
    - path: data-split/ml10m
      md5: 758eb106e9d2b2ebbceefe702f058bff.dir
      size: 4010002
      nfiles: 5
    outs:
    - path: runs/main/ml10m-ALS
      hash: md5
      md5: c9b2a6da52c79aa3f6fb387fffe87d72.dir
      size: 45902159
      nfiles: 10
    - path: runs/main/ml10m-ALS.json
      hash: md5
      md5: c02752f1b34f9589f463d49072afb0e7
      size: 209
  ml10m-IALS:
    cmd: pixi run --locked -e lk-main run-algo.py --splits data-split/ml10m --no-predict
      -o runs/main/ml10m-IALS -M runs/main/ml10m-IALS.json IALS
    deps:
    - path: data-split/ml10m
      md5: 758eb106e9d2b2ebbceefe702f058bff.dir
      size: 4010002
      nfiles: 5
    outs:
    - path: runs/main/ml10m-IALS
      hash: md5
      md5: 003a1537f28b9f25defed06ff862fb2d.dir
      size: 44207109
      nfiles: 5
    - path: runs/main/ml10m-IALS.json
      hash: md5
      md5: 01d6a2b0e08a9c5d3de828f15f30f103
      size: 175
  collect:
    cmd: python collect-metrics.py -o runs/main/metrics.csv runs/main
    deps:
    - path: collect-metrics.py
      hash: md5
      md5: c1de4b8045e4602a67c2cc63af62f3e3
      size: 795
      isexec: true
    - path: runs/main/ml100k-ALS.json
      hash: md5
      md5: b0670c525241b2f96190b2f7882888a5
      size: 208
    - path: runs/main/ml100k-IALS.json
      hash: md5
      md5: 0bb3c152480b4772d9b6d17a0d3bfc79
      size: 178
    - path: runs/main/ml100k-II.json
      hash: md5
      md5: 0c3e10988f8bd1d575a9777aa6e3cbe3
      size: 214
    - path: runs/main/ml100k-UU.json
      hash: md5
      md5: a2b832b3b4ede82a2e22cc485193e8bf
      size: 220
    - path: runs/main/ml10m-ALS.json
      hash: md5
      md5: c02752f1b34f9589f463d49072afb0e7
      size: 209
    - path: runs/main/ml10m-IALS.json
      hash: md5
      md5: 01d6a2b0e08a9c5d3de828f15f30f103
      size: 175
    - path: runs/main/ml10m-II.json
      hash: md5
      md5: 3b17991c2e3bf4f4109d93fcd35c7ddf
      size: 208
    - path: runs/main/ml10m-UU.json
      hash: md5
      md5: ff144896ddbb43615cbf07fc6d42693e
      size: 208
    - path: runs/main/ml1m-ALS.json
      hash: md5
      md5: 43a54f1478f362fa39424dca6bbca41f
      size: 204
    - path: runs/main/ml1m-IALS.json
      hash: md5
      md5: b7b080cbe66e3cb58dcf2c9b9dafc78a
      size: 172
    - path: runs/main/ml1m-II.json
      hash: md5
      md5: 87b8a64aa0dec41f4c002d23bceea077
      size: 207
    - path: runs/main/ml1m-UU.json
      hash: md5
      md5: fe280c52d062dab5c9a1f6edfee8fb50
      size: 215
    - path: runs/main/ml20m-ALS.json
      hash: md5
      md5: 3b5eab068627ea677948505b3091cfbe
      size: 201
    - path: runs/main/ml20m-IALS.json
      hash: md5
      md5: 7adf8dec3671718908b71c06ac07a94e
      size: 172
    - path: runs/main/ml20m-II.json
      hash: md5
      md5: a035d05982e09d3e17a101add72b5ff6
      size: 204
    outs:
    - path: runs/main/metrics.csv
      hash: md5
      md5: eda0e269bd3059b8f32aa9d7e07757b1
      size: 2518
