schema: '2.0'
stages:
  ml20m-ALS:
    cmd: python envtool.py --run main run-algo.py --splits data-split/ml20m -o runs/main/ml20m-ALS
      -M runs/main/ml20m-ALS.json ALS
    deps:
    - path: data-split/ml20m
      md5: a48b901f072fa0b345277bf0b5a9f124.dir
      size: 8146133
      nfiles: 5
    outs:
    - path: runs/main/ml20m-ALS
      hash: md5
      md5: 894bdd371142a24ed005336fbb987f19.dir
      size: 137202728
      nfiles: 10
    - path: runs/main/ml20m-ALS.json
      md5: bb7453600780604285f21654986e5cf2
      size: 201
  ml100k-IALS:
    cmd: python envtool.py --run main run-algo.py --splits data-split/ml100k --no-predict
      -o runs/main/ml100k-IALS -M runs/main/ml100k-IALS.json IALS
    deps:
    - path: data-split/ml100k
      md5: 42424a2a8d9ae27cdcccb48e6dc2ace2.dir
      size: 53351
      nfiles: 5
    outs:
    - path: runs/main/ml100k-IALS
      hash: md5
      md5: 7b79cadeca86f9c58aea6d3675ea9d62.dir
      size: 1036166
      nfiles: 5
    - path: runs/main/ml100k-IALS.json
      hash: md5
      md5: 638039d65bad10d495574c89745c0b70
      size: 181
  ml20m-IALS:
    cmd: python envtool.py --run main run-algo.py --splits data-split/ml20m --no-predict
      -o runs/main/ml20m-IALS -M runs/main/ml20m-IALS.json IALS
    deps:
    - path: data-split/ml20m
      md5: a48b901f072fa0b345277bf0b5a9f124.dir
      size: 8146133
      nfiles: 5
    outs:
    - path: runs/main/ml20m-IALS
      hash: md5
      md5: d3ddef66df14138c1e0a0f12c8575093.dir
      size: 129548216
      nfiles: 5
    - path: runs/main/ml20m-IALS.json
      hash: md5
      md5: 900156acbdb579ca460113c3c9726544
      size: 172
  ml1m-IALS:
    cmd: python envtool.py --run main run-algo.py --splits data-split/ml1m --no-predict
      -o runs/main/ml1m-IALS -M runs/main/ml1m-IALS.json IALS
    deps:
    - path: data-split/ml1m
      md5: c738f2f559e657427fb304b1a3a2e007.dir
      size: 333412
      nfiles: 5
    outs:
    - path: runs/main/ml1m-IALS
      hash: md5
      md5: 1dff8f7c01ae95a48019b07494eaf6d8.dir
      size: 6679975
      nfiles: 5
    - path: runs/main/ml1m-IALS.json
      hash: md5
      md5: 1037aad71de37d7321861b817922e16d
      size: 177
  ml1m-UU:
    cmd: python envtool.py --run main run-algo.py --splits data-split/ml1m -o runs/main/ml1m-UU
      -M runs/main/ml1m-UU.json UU
    deps:
    - path: data-split/ml1m
      md5: c738f2f559e657427fb304b1a3a2e007.dir
      size: 333412
      nfiles: 5
    outs:
    - path: runs/main/ml1m-UU
      hash: md5
      md5: de864141482edc2f72452322c698cc84.dir
      size: 7010167
      nfiles: 10
    - path: runs/main/ml1m-UU.json
      md5: b7ca3f34e97ec61e02d3dd40087186f1
      size: 211
  ml100k-II:
    cmd: python envtool.py --run main run-algo.py --splits data-split/ml100k -o runs/main/ml100k-II
      -M runs/main/ml100k-II.json II
    deps:
    - path: data-split/ml100k
      md5: 42424a2a8d9ae27cdcccb48e6dc2ace2.dir
      size: 53351
      nfiles: 5
    outs:
    - path: runs/main/ml100k-II
      hash: md5
      md5: 06addf793bea982d217913c1954894da.dir
      size: 1105900
      nfiles: 10
    - path: runs/main/ml100k-II.json
      md5: ebc8f60d6ccf8df50b42c9a12e8cb42c
      size: 208
  ml1m-II:
    cmd: python envtool.py --run main run-algo.py --splits data-split/ml1m -o runs/main/ml1m-II
      -M runs/main/ml1m-II.json II
    deps:
    - path: data-split/ml1m
      md5: c738f2f559e657427fb304b1a3a2e007.dir
      size: 333412
      nfiles: 5
    outs:
    - path: runs/main/ml1m-II
      hash: md5
      md5: 98366d66ce1e3ab62e1f42946800412f.dir
      size: 7064434
      nfiles: 10
    - path: runs/main/ml1m-II.json
      md5: bae0c25fff2c757efd6d5c4d136131a4
      size: 196
  ml10m-II:
    cmd: python envtool.py --run main run-algo.py --splits data-split/ml10m -o runs/main/ml10m-II
      -M runs/main/ml10m-II.json II
    deps:
    - path: data-split/ml10m
      md5: 758eb106e9d2b2ebbceefe702f058bff.dir
      size: 4010002
      nfiles: 5
    outs:
    - path: runs/main/ml10m-II
      hash: md5
      md5: c7634a9f097cfa3591b54cfc7a91c9e0.dir
      size: 67563239
      nfiles: 10
    - path: runs/main/ml10m-II.json
      md5: 443bdc42522c1fc9e0ebbf6fc8ef6c82
      size: 196
  ml20m-II:
    cmd: python envtool.py --run main run-algo.py --splits data-split/ml20m -o runs/main/ml20m-II
      -M runs/main/ml20m-II.json II
    deps:
    - path: data-split/ml20m
      md5: a48b901f072fa0b345277bf0b5a9f124.dir
      size: 8146133
      nfiles: 5
    outs:
    - path: runs/main/ml20m-II
      hash: md5
      md5: a32bd6df5e2122b6171a10a6f4c93c4e.dir
      size: 137995799
      nfiles: 10
    - path: runs/main/ml20m-II.json
      md5: 095b99243b1828cfb7482276097e0aea
      size: 197
  ml100k-UU:
    cmd: python envtool.py --run main run-algo.py --splits data-split/ml100k -o runs/main/ml100k-UU
      -M runs/main/ml100k-UU.json UU
    deps:
    - path: data-split/ml100k
      md5: 42424a2a8d9ae27cdcccb48e6dc2ace2.dir
      size: 53351
      nfiles: 5
    outs:
    - path: runs/main/ml100k-UU
      hash: md5
      md5: 7206a995907ab974d030cd67bfb8dcb9.dir
      size: 1061247
      nfiles: 10
    - path: runs/main/ml100k-UU.json
      md5: 104c8f9cffb426c954aac40ba59d9593
      size: 216
  ml10m-UU:
    cmd: python envtool.py --run main run-algo.py --splits data-split/ml10m -o runs/main/ml10m-UU
      -M runs/main/ml10m-UU.json UU
    deps:
    - path: data-split/ml10m
      md5: 758eb106e9d2b2ebbceefe702f058bff.dir
      size: 4010002
      nfiles: 5
    outs:
    - path: runs/main/ml10m-UU
      hash: md5
      md5: 5eb0f09b68e81c1ea978417dbe792c48.dir
      size: 68449617
      nfiles: 10
    - path: runs/main/ml10m-UU.json
      md5: 8ad5054bc1c57677f3624cd9a0545a2d
      size: 199
  ml100k-ALS:
    cmd: python envtool.py --run main run-algo.py --splits data-split/ml100k -o runs/main/ml100k-ALS
      -M runs/main/ml100k-ALS.json ALS
    deps:
    - path: data-split/ml100k
      md5: 42424a2a8d9ae27cdcccb48e6dc2ace2.dir
      size: 53351
      nfiles: 5
    outs:
    - path: runs/main/ml100k-ALS
      hash: md5
      md5: 35ec273cb93ada769a307544731de6d1.dir
      size: 1102455
      nfiles: 10
    - path: runs/main/ml100k-ALS.json
      md5: 7cd53821e6947da9f8a85425cbc41c89
      size: 211
  ml1m-ALS:
    cmd: python envtool.py --run main run-algo.py --splits data-split/ml1m -o runs/main/ml1m-ALS
      -M runs/main/ml1m-ALS.json ALS
    deps:
    - path: data-split/ml1m
      md5: c738f2f559e657427fb304b1a3a2e007.dir
      size: 333412
      nfiles: 5
    outs:
    - path: runs/main/ml1m-ALS
      hash: md5
      md5: 62c61dffbc6765d3b5f163abb93a9963.dir
      size: 7013879
      nfiles: 10
    - path: runs/main/ml1m-ALS.json
      md5: 641d12d52e69dab9024dcaedd7e3f661
      size: 188
  ml10m-ALS:
    cmd: python envtool.py --run main run-algo.py --splits data-split/ml10m -o runs/main/ml10m-ALS
      -M runs/main/ml10m-ALS.json ALS
    deps:
    - path: data-split/ml10m
      md5: 758eb106e9d2b2ebbceefe702f058bff.dir
      size: 4010002
      nfiles: 5
    outs:
    - path: runs/main/ml10m-ALS
      hash: md5
      md5: 5fbe8ffae02db886e379f732745cafb1.dir
      size: 69913349
      nfiles: 10
    - path: runs/main/ml10m-ALS.json
      md5: 5f6d62d79eb6198ff1c1c01d6801b080
      size: 197
  ml10m-IALS:
    cmd: python envtool.py --run main run-algo.py --splits data-split/ml10m --no-predict
      -o runs/main/ml10m-IALS -M runs/main/ml10m-IALS.json IALS
    deps:
    - path: data-split/ml10m
      md5: 758eb106e9d2b2ebbceefe702f058bff.dir
      size: 4010002
      nfiles: 5
    outs:
    - path: runs/main/ml10m-IALS
      hash: md5
      md5: 038c9b3dc02984a83da97b9840c8853e.dir
      size: 65921912
      nfiles: 5
    - path: runs/main/ml10m-IALS.json
      hash: md5
      md5: 7d1bb07023c8053fbcfac886594f8493
      size: 176
  collect:
    cmd: python collect-metrics.py -o runs/main/metrics.csv runs/main
    deps:
    - path: collect-metrics.py
      hash: md5
      md5: 8ea4e245949361517313accd986c0dd3
      size: 774
    - path: runs/main/ml100k-ALS.json
      md5: 7cd53821e6947da9f8a85425cbc41c89
      size: 211
    - path: runs/main/ml100k-IALS.json
      hash: md5
      md5: 638039d65bad10d495574c89745c0b70
      size: 181
    - path: runs/main/ml100k-II.json
      md5: ebc8f60d6ccf8df50b42c9a12e8cb42c
      size: 208
    - path: runs/main/ml100k-UU.json
      md5: 104c8f9cffb426c954aac40ba59d9593
      size: 216
    - path: runs/main/ml10m-ALS.json
      md5: 5f6d62d79eb6198ff1c1c01d6801b080
      size: 197
    - path: runs/main/ml10m-IALS.json
      hash: md5
      md5: 7d1bb07023c8053fbcfac886594f8493
      size: 176
    - path: runs/main/ml10m-II.json
      md5: 443bdc42522c1fc9e0ebbf6fc8ef6c82
      size: 196
    - path: runs/main/ml10m-UU.json
      md5: 8ad5054bc1c57677f3624cd9a0545a2d
      size: 199
    - path: runs/main/ml1m-ALS.json
      md5: 641d12d52e69dab9024dcaedd7e3f661
      size: 188
    - path: runs/main/ml1m-IALS.json
      hash: md5
      md5: 1037aad71de37d7321861b817922e16d
      size: 177
    - path: runs/main/ml1m-II.json
      md5: bae0c25fff2c757efd6d5c4d136131a4
      size: 196
    - path: runs/main/ml1m-UU.json
      md5: b7ca3f34e97ec61e02d3dd40087186f1
      size: 211
    - path: runs/main/ml20m-ALS.json
      md5: bb7453600780604285f21654986e5cf2
      size: 201
    - path: runs/main/ml20m-IALS.json
      hash: md5
      md5: 900156acbdb579ca460113c3c9726544
      size: 172
    - path: runs/main/ml20m-II.json
      md5: 095b99243b1828cfb7482276097e0aea
      size: 197
    outs:
    - path: runs/main/metrics.csv
      hash: md5
      md5: baf9137cc3d365eb293c79fb6b203592
      size: 2449
