schema: '2.0'
stages:
  ml20m-ALS:
    cmd: pixi run -e lk13 run-algo.py --splits data-split/ml20m -o runs/0.13/ml20m-ALS
      -M runs/0.13/ml20m-ALS.json ALS
    deps:
    - path: data-split/ml20m
      md5: a48b901f072fa0b345277bf0b5a9f124.dir
      size: 8146133
      nfiles: 5
    outs:
    - path: runs/0.13/ml20m-ALS
      hash: md5
      md5: 68a7c4dd460f8cf773cdae965b0d4853.dir
      size: 137190624
      nfiles: 10
    - path: runs/0.13/ml20m-ALS.json
      md5: d3934e76f4f31e3c84679d6b2685ad4f
      size: 207
  ml1m-UU:
    cmd: pixi run -e lk13 run-algo.py --splits data-split/ml1m -o runs/0.13/ml1m-UU
      -M runs/0.13/ml1m-UU.json UU
    deps:
    - path: data-split/ml1m
      hash: md5
      md5: f7107620aab50c4a42f015d2858334fe.dir
      size: 329146
      nfiles: 5
    outs:
    - path: runs/0.13/ml1m-UU
      hash: md5
      md5: ad10a1905b991e9c831df16cd5e39fa6.dir
      size: 7010049
      nfiles: 10
    - path: runs/0.13/ml1m-UU.json
      md5: 81e20f0736cb6f1d6c2bc7be500db2ed
      size: 213
  ml100k-II:
    cmd: pixi run -e lk13 run-algo.py --splits data-split/ml100k -o runs/0.13/ml100k-II
      -M runs/0.13/ml100k-II.json II
    deps:
    - path: data-split/ml100k
      md5: 42424a2a8d9ae27cdcccb48e6dc2ace2.dir
      size: 53351
      nfiles: 5
    outs:
    - path: runs/0.13/ml100k-II
      hash: md5
      md5: d4a278e92487dfc007cecf92b5302579.dir
      size: 1105887
      nfiles: 10
    - path: runs/0.13/ml100k-II.json
      md5: 20287316fedd7f1575930d4464f2fd23
      size: 208
  ml1m-ALS:
    cmd: pixi run -e lk13 run-algo.py --splits data-split/ml1m -o runs/0.13/ml1m-ALS
      -M runs/0.13/ml1m-ALS.json ALS
    deps:
    - path: data-split/ml1m
      hash: md5
      md5: f7107620aab50c4a42f015d2858334fe.dir
      size: 329146
      nfiles: 5
    outs:
    - path: runs/0.13/ml1m-ALS
      hash: md5
      md5: a3d007ce90db0816be9101fdb4bee04e.dir
      size: 7011993
      nfiles: 10
    - path: runs/0.13/ml1m-ALS.json
      md5: 48ec43822b9d9c8c2568f92e65e8479e
      size: 205
  ml100k-UU:
    cmd: pixi run -e lk13 run-algo.py --splits data-split/ml100k -o runs/0.13/ml100k-UU
      -M runs/0.13/ml100k-UU.json UU
    deps:
    - path: data-split/ml100k
      md5: 42424a2a8d9ae27cdcccb48e6dc2ace2.dir
      size: 53351
      nfiles: 5
    outs:
    - path: runs/0.13/ml100k-UU
      hash: md5
      md5: 42aabc0427145106af3ae71e5659b624.dir
      size: 1061185
      nfiles: 10
    - path: runs/0.13/ml100k-UU.json
      md5: 8e9f072a29e38d9ef5c544ad98e2f7d1
      size: 214
  ml10m-UU:
    cmd: pixi run -e lk13 run-algo.py --splits data-split/ml10m -o runs/0.13/ml10m-UU
      -M runs/0.13/ml10m-UU.json UU
    deps:
    - path: data-split/ml10m
      md5: 758eb106e9d2b2ebbceefe702f058bff.dir
      size: 4010002
      nfiles: 5
    outs:
    - path: runs/0.13/ml10m-UU
      hash: md5
      md5: 7cbd196176a9da3d88173bc546e64bfa.dir
      size: 68474117
      nfiles: 10
    - path: runs/0.13/ml10m-UU.json
      md5: ad0ca735fccded7aba917d307ca0c2c4
      size: 206
  ml20m-IALS:
    cmd: pixi run -e lk13 run-algo.py --splits data-split/ml20m --no-predict -o runs/0.13/ml20m-IALS
      -M runs/0.13/ml20m-IALS.json IALS
    deps:
    - path: data-split/ml20m
      md5: a48b901f072fa0b345277bf0b5a9f124.dir
      size: 8146133
      nfiles: 5
    outs:
    - path: runs/0.13/ml20m-IALS
      hash: md5
      md5: 5f02c0b146e0bd4c60fd3d3486917579.dir
      size: 129006416
      nfiles: 5
    - path: runs/0.13/ml20m-IALS.json
      hash: md5
      md5: c60b8588d71c6328d30db87760328fa2
      size: 174
  ml1m-II:
    cmd: pixi run -e lk13 run-algo.py --splits data-split/ml1m -o runs/0.13/ml1m-II
      -M runs/0.13/ml1m-II.json II
    deps:
    - path: data-split/ml1m
      hash: md5
      md5: f7107620aab50c4a42f015d2858334fe.dir
      size: 329146
      nfiles: 5
    outs:
    - path: runs/0.13/ml1m-II
      hash: md5
      md5: 8cfcc99fa66ad7ffe243a1176e99557e.dir
      size: 7064411
      nfiles: 10
    - path: runs/0.13/ml1m-II.json
      md5: d5bbed2ac2235e74623f4df937eae835
      size: 207
  ml10m-II:
    cmd: pixi run -e lk13 run-algo.py --splits data-split/ml10m -o runs/0.13/ml10m-II
      -M runs/0.13/ml10m-II.json II
    deps:
    - path: data-split/ml10m
      md5: 758eb106e9d2b2ebbceefe702f058bff.dir
      size: 4010002
      nfiles: 5
    outs:
    - path: runs/0.13/ml10m-II
      hash: md5
      md5: 2e576bddd02a2e57180b5aacb67adaaf.dir
      size: 67563455
      nfiles: 10
    - path: runs/0.13/ml10m-II.json
      md5: 986a2fb822d189094877085b93d67c09
      size: 202
  ml20m-II:
    cmd: pixi run -e lk13 run-algo.py --splits data-split/ml20m -o runs/0.13/ml20m-II
      -M runs/0.13/ml20m-II.json II
    deps:
    - path: data-split/ml20m
      md5: a48b901f072fa0b345277bf0b5a9f124.dir
      size: 8146133
      nfiles: 5
    outs:
    - path: runs/0.13/ml20m-II
      hash: md5
      md5: 6115ee6488cde029d9d89cbde647ad81.dir
      size: 138002104
      nfiles: 10
    - path: runs/0.13/ml20m-II.json
      md5: f98ad8285a0a28cb4afc1131651bf987
      size: 208
  ml100k-ALS:
    cmd: pixi run -e lk13 run-algo.py --splits data-split/ml100k -o runs/0.13/ml100k-ALS
      -M runs/0.13/ml100k-ALS.json ALS
    deps:
    - path: data-split/ml100k
      md5: 42424a2a8d9ae27cdcccb48e6dc2ace2.dir
      size: 53351
      nfiles: 5
    outs:
    - path: runs/0.13/ml100k-ALS
      hash: md5
      md5: ec51c8b811a9de47f3da7fea1c983a47.dir
      size: 1102732
      nfiles: 10
    - path: runs/0.13/ml100k-ALS.json
      md5: 886e120749f93eaafe9f139677dd8605
      size: 207
  ml10m-ALS:
    cmd: pixi run -e lk13 run-algo.py --splits data-split/ml10m -o runs/0.13/ml10m-ALS
      -M runs/0.13/ml10m-ALS.json ALS
    deps:
    - path: data-split/ml10m
      md5: 758eb106e9d2b2ebbceefe702f058bff.dir
      size: 4010002
      nfiles: 5
    outs:
    - path: runs/0.13/ml10m-ALS
      hash: md5
      md5: fe3aeafa3952ead2516da8c22b40dc60.dir
      size: 69904802
      nfiles: 10
    - path: runs/0.13/ml10m-ALS.json
      md5: 0157513c55423316f07a16895d8b4701
      size: 202
  ml100k-IALS:
    cmd: pixi run -e lk13 run-algo.py --splits data-split/ml100k --no-predict -o runs/0.13/ml100k-IALS
      -M runs/0.13/ml100k-IALS.json IALS
    deps:
    - path: data-split/ml100k
      md5: 42424a2a8d9ae27cdcccb48e6dc2ace2.dir
      size: 53351
      nfiles: 5
    outs:
    - path: runs/0.13/ml100k-IALS
      hash: md5
      md5: 845587bb72e4d78c0c08aeaf6f275527.dir
      size: 1033022
      nfiles: 5
    - path: runs/0.13/ml100k-IALS.json
      hash: md5
      md5: d49baf14c7551e622f3fcf7febd76f5d
      size: 180
  ml1m-IALS:
    cmd: pixi run -e lk13 run-algo.py --splits data-split/ml1m --no-predict -o runs/0.13/ml1m-IALS
      -M runs/0.13/ml1m-IALS.json IALS
    deps:
    - path: data-split/ml1m
      hash: md5
      md5: f7107620aab50c4a42f015d2858334fe.dir
      size: 329146
      nfiles: 5
    outs:
    - path: runs/0.13/ml1m-IALS
      hash: md5
      md5: 531e49b0011514b487f6e42e538c5a95.dir
      size: 6648404
      nfiles: 5
    - path: runs/0.13/ml1m-IALS.json
      hash: md5
      md5: cf90dab92f96d0ea0cd604e11d819910
      size: 177
  ml10m-IALS:
    cmd: pixi run -e lk13 run-algo.py --splits data-split/ml10m --no-predict -o runs/0.13/ml10m-IALS
      -M runs/0.13/ml10m-IALS.json IALS
    deps:
    - path: data-split/ml10m
      md5: 758eb106e9d2b2ebbceefe702f058bff.dir
      size: 4010002
      nfiles: 5
    outs:
    - path: runs/0.13/ml10m-IALS
      hash: md5
      md5: 5c4ef700f084e335b151c0a6bff5c1e7.dir
      size: 65652358
      nfiles: 5
    - path: runs/0.13/ml10m-IALS.json
      hash: md5
      md5: 2314ba8ca2e1b274d3a0aaedb0a3e1d4
      size: 177
  collect:
    cmd: python collect-metrics.py -o runs/0.13/metrics.csv runs/0.13
    deps:
    - path: collect-metrics.py
      hash: md5
      md5: c1de4b8045e4602a67c2cc63af62f3e3
      size: 795
      isexec: true
    - path: runs/0.13/ml100k-ALS.json
      md5: 886e120749f93eaafe9f139677dd8605
      size: 207
    - path: runs/0.13/ml100k-IALS.json
      hash: md5
      md5: d49baf14c7551e622f3fcf7febd76f5d
      size: 180
    - path: runs/0.13/ml100k-II.json
      md5: 20287316fedd7f1575930d4464f2fd23
      size: 208
    - path: runs/0.13/ml100k-UU.json
      md5: 8e9f072a29e38d9ef5c544ad98e2f7d1
      size: 214
    - path: runs/0.13/ml100k-impBPR.json
      hash: md5
      md5: 3ba375fbd4f18e7627d0f3971b37611f
      size: 178
    - path: runs/0.13/ml10m-ALS.json
      md5: 0157513c55423316f07a16895d8b4701
      size: 202
    - path: runs/0.13/ml10m-IALS.json
      hash: md5
      md5: 2314ba8ca2e1b274d3a0aaedb0a3e1d4
      size: 177
    - path: runs/0.13/ml10m-II.json
      md5: 986a2fb822d189094877085b93d67c09
      size: 202
    - path: runs/0.13/ml10m-UU.json
      md5: ad0ca735fccded7aba917d307ca0c2c4
      size: 206
    - path: runs/0.13/ml10m-impBPR.json
      hash: md5
      md5: b5a9d77d18d780e98ae69f4b8f96fba1
      size: 171
    - path: runs/0.13/ml1m-ALS.json
      md5: 48ec43822b9d9c8c2568f92e65e8479e
      size: 205
    - path: runs/0.13/ml1m-IALS.json
      hash: md5
      md5: cf90dab92f96d0ea0cd604e11d819910
      size: 177
    - path: runs/0.13/ml1m-II.json
      md5: d5bbed2ac2235e74623f4df937eae835
      size: 207
    - path: runs/0.13/ml1m-UU.json
      md5: 81e20f0736cb6f1d6c2bc7be500db2ed
      size: 213
    - path: runs/0.13/ml1m-impBPR.json
      hash: md5
      md5: 20b06d3bfeb5f4f7ff3c364eff0a1a53
      size: 175
    - path: runs/0.13/ml20m-ALS.json
      md5: d3934e76f4f31e3c84679d6b2685ad4f
      size: 207
    - path: runs/0.13/ml20m-IALS.json
      hash: md5
      md5: c60b8588d71c6328d30db87760328fa2
      size: 174
    - path: runs/0.13/ml20m-II.json
      md5: f98ad8285a0a28cb4afc1131651bf987
      size: 208
    - path: runs/0.13/ml20m-impBPR.json
      hash: md5
      md5: c6069df876bba46c27f1ddae8499b475
      size: 176
    outs:
    - path: runs/0.13/metrics.csv
      hash: md5
      md5: c7752649323d9787e15a514c1f2a12da
      size: 3118
  ml100k-impBPR:
    cmd: pixi run -e lk13 run-algo.py --splits data-split/ml100k --no-predict -o runs/0.13/ml100k-impBPR
      -M runs/0.13/ml100k-impBPR.json impBPR
    deps:
    - path: data-split/ml100k
      hash: md5
      md5: 42424a2a8d9ae27cdcccb48e6dc2ace2.dir
      size: 53351
      nfiles: 5
    outs:
    - path: runs/0.13/ml100k-impBPR
      hash: md5
      md5: 09774d2740cf32e9e7fa743510f74052.dir
      size: 1054337
      nfiles: 5
    - path: runs/0.13/ml100k-impBPR.json
      hash: md5
      md5: 3ba375fbd4f18e7627d0f3971b37611f
      size: 178
  ml10m-impBPR:
    cmd: pixi run -e lk13 run-algo.py --splits data-split/ml10m --no-predict -o runs/0.13/ml10m-impBPR
      -M runs/0.13/ml10m-impBPR.json impBPR
    deps:
    - path: data-split/ml10m
      hash: md5
      md5: 758eb106e9d2b2ebbceefe702f058bff.dir
      size: 4010002
      nfiles: 5
    outs:
    - path: runs/0.13/ml10m-impBPR
      hash: md5
      md5: 110be1c75fcff9d7a161cf25290f87ba.dir
      size: 67705226
      nfiles: 5
    - path: runs/0.13/ml10m-impBPR.json
      hash: md5
      md5: b5a9d77d18d780e98ae69f4b8f96fba1
      size: 171
  ml20m-impBPR:
    cmd: pixi run -e lk13 run-algo.py --splits data-split/ml20m --no-predict -o runs/0.13/ml20m-impBPR
      -M runs/0.13/ml20m-impBPR.json impBPR
    deps:
    - path: data-split/ml20m
      hash: md5
      md5: a48b901f072fa0b345277bf0b5a9f124.dir
      size: 8146133
      nfiles: 5
    outs:
    - path: runs/0.13/ml20m-impBPR
      hash: md5
      md5: 4c4600f8844cff268a7ad892c2bf0e84.dir
      size: 133084576
      nfiles: 5
    - path: runs/0.13/ml20m-impBPR.json
      hash: md5
      md5: c6069df876bba46c27f1ddae8499b475
      size: 176
  ml1m-impBPR:
    cmd: pixi run -e lk13 run-algo.py --splits data-split/ml1m --no-predict -o runs/0.13/ml1m-impBPR
      -M runs/0.13/ml1m-impBPR.json impBPR
    deps:
    - path: data-split/ml1m
      hash: md5
      md5: f7107620aab50c4a42f015d2858334fe.dir
      size: 329146
      nfiles: 5
    outs:
    - path: runs/0.13/ml1m-impBPR
      hash: md5
      md5: facfb6f9daf0089e79b73243547c18d4.dir
      size: 6796089
      nfiles: 5
    - path: runs/0.13/ml1m-impBPR.json
      hash: md5
      md5: 20b06d3bfeb5f4f7ff3c364eff0a1a53
      size: 175
